// !$*UTF8*$!
{
	archiveVersion = 1;
	classes = {
	};
	objectVersion = 56;
	objects = {

/* Begin PBXBuildFile section */
		FA34DAF92C4A4CFF00B5CDC9 /* MainStore.swift in Sources */ = {isa = PBXBuildFile; fileRef = FA34DAF82C4A4CFF00B5CDC9 /* MainStore.swift */; };
		FA34DAFD2C4A4ECC00B5CDC9 /* ASKCore in Frameworks */ = {isa = PBXBuildFile; productRef = FA34DAFC2C4A4ECC00B5CDC9 /* ASKCore */; };
		FA34DAFF2C4A4F0100B5CDC9 /* IOC.swift in Sources */ = {isa = PBXBuildFile; fileRef = FA34DAFE2C4A4F0100B5CDC9 /* IOC.swift */; };
		FA34DB082C4A52C300B5CDC9 /* ContentView.swift in Sources */ = {isa = PBXBuildFile; fileRef = FA34DB052C4A52C300B5CDC9 /* ContentView.swift */; };
		FA34DB092C4A52C300B5CDC9 /* GoMetalApp.swift in Sources */ = {isa = PBXBuildFile; fileRef = FA34DB062C4A52C300B5CDC9 /* GoMetalApp.swift */; };
		FA8F9B582C4365600004B88B /* CirclePattern.swift in Sources */ = {isa = PBXBuildFile; fileRef = FA8F9B572C4365600004B88B /* CirclePattern.swift */; };
		FA8F9B5A2C436A560004B88B /* LinePatternTests.swift in Sources */ = {isa = PBXBuildFile; fileRef = FA8F9B592C436A560004B88B /* LinePatternTests.swift */; };
		FA8F9B5E2C436E960004B88B /* VectorMath in Frameworks */ = {isa = PBXBuildFile; productRef = FA8F9B5D2C436E960004B88B /* VectorMath */; };
		FA8F9B612C438CB80004B88B /* GemView.swift in Sources */ = {isa = PBXBuildFile; fileRef = FA8F9B602C438CB80004B88B /* GemView.swift */; };
		FA8F9B632C43C1990004B88B /* CirclePatternTests.swift in Sources */ = {isa = PBXBuildFile; fileRef = FA8F9B622C43C1990004B88B /* CirclePatternTests.swift */; };
		FA8F9B652C4524FE0004B88B /* SpellContext.swift in Sources */ = {isa = PBXBuildFile; fileRef = FA8F9B642C4524FE0004B88B /* SpellContext.swift */; };
		FA8F9B672C4527AA0004B88B /* SimulationService.swift in Sources */ = {isa = PBXBuildFile; fileRef = FA8F9B662C4527AA0004B88B /* SimulationService.swift */; };
		FAD929D42C3D384500B86690 /* Assets.xcassets in Resources */ = {isa = PBXBuildFile; fileRef = FAD929D32C3D384500B86690 /* Assets.xcassets */; };
		FAD929D72C3D384500B86690 /* Preview Assets.xcassets in Resources */ = {isa = PBXBuildFile; fileRef = FAD929D62C3D384500B86690 /* Preview Assets.xcassets */; };
		FAD929E02C3D387200B86690 /* MetalView.swift in Sources */ = {isa = PBXBuildFile; fileRef = FAD929DF2C3D387200B86690 /* MetalView.swift */; };
		FAD929E32C3D3B9100B86690 /* Shader1.metal in Sources */ = {isa = PBXBuildFile; fileRef = FAD929E22C3D3B9100B86690 /* Shader1.metal */; };
		FAD929E92C3D445E00B86690 /* ChildSizeReader.swift in Sources */ = {isa = PBXBuildFile; fileRef = FAD929E82C3D445E00B86690 /* ChildSizeReader.swift */; };
		FAD929EC2C3E851A00B86690 /* SpellEnergy.swift in Sources */ = {isa = PBXBuildFile; fileRef = FAD929EB2C3E851A00B86690 /* SpellEnergy.swift */; };
		FAD929EE2C3E858F00B86690 /* SpellPattern.swift in Sources */ = {isa = PBXBuildFile; fileRef = FAD929ED2C3E858F00B86690 /* SpellPattern.swift */; };
		FAD929F02C3E874700B86690 /* Math.swift in Sources */ = {isa = PBXBuildFile; fileRef = FAD929EF2C3E874700B86690 /* Math.swift */; };
		FAD929F22C3E885800B86690 /* SpellTestView.swift in Sources */ = {isa = PBXBuildFile; fileRef = FAD929F12C3E885800B86690 /* SpellTestView.swift */; };
		FAD929F42C3E8AA800B86690 /* ActiveSpellView.swift in Sources */ = {isa = PBXBuildFile; fileRef = FAD929F32C3E8AA800B86690 /* ActiveSpellView.swift */; };
		FAD929F62C3E8F1900B86690 /* GemPositionEditView.swift in Sources */ = {isa = PBXBuildFile; fileRef = FAD929F52C3E8F1900B86690 /* GemPositionEditView.swift */; };
		FAD929F92C3E958700B86690 /* SpellCastService.swift in Sources */ = {isa = PBXBuildFile; fileRef = FAD929F82C3E958700B86690 /* SpellCastService.swift */; };
		FAD929FB2C3EA12600B86690 /* Spell.swift in Sources */ = {isa = PBXBuildFile; fileRef = FAD929FA2C3EA12600B86690 /* Spell.swift */; };
		FAD929FD2C3FD94900B86690 /* DirectionalFieldView.swift in Sources */ = {isa = PBXBuildFile; fileRef = FAD929FC2C3FD94900B86690 /* DirectionalFieldView.swift */; };
		FAD92A392C435D9900B86690 /* PatternProtocol.swift in Sources */ = {isa = PBXBuildFile; fileRef = FAD92A382C435D9900B86690 /* PatternProtocol.swift */; };
		FAD92A3B2C435E6500B86690 /* LinePattern.swift in Sources */ = {isa = PBXBuildFile; fileRef = FAD92A3A2C435E6500B86690 /* LinePattern.swift */; };
		FAD92A4C2C435F6F00B86690 /* PatternSpaceTests.swift in Sources */ = {isa = PBXBuildFile; fileRef = FAD92A4B2C435F6F00B86690 /* PatternSpaceTests.swift */; };
		FAD92A4E2C43617A00B86690 /* PatternSpace.swift in Sources */ = {isa = PBXBuildFile; fileRef = FAD92A4D2C43617A00B86690 /* PatternSpace.swift */; };
/* End PBXBuildFile section */

/* Begin PBXContainerItemProxy section */
		FAD92A442C435F1000B86690 /* PBXContainerItemProxy */ = {
			isa = PBXContainerItemProxy;
			containerPortal = FAD929C42C3D384400B86690 /* Project object */;
			proxyType = 1;
			remoteGlobalIDString = FAD929CB2C3D384400B86690;
			remoteInfo = GoMetal;
		};
/* End PBXContainerItemProxy section */

/* Begin PBXFileReference section */
		FA34DAF82C4A4CFF00B5CDC9 /* MainStore.swift */ = {isa = PBXFileReference; lastKnownFileType = sourcecode.swift; path = MainStore.swift; sourceTree = "<group>"; };
		FA34DAFE2C4A4F0100B5CDC9 /* IOC.swift */ = {isa = PBXFileReference; lastKnownFileType = sourcecode.swift; path = IOC.swift; sourceTree = "<group>"; };
		FA34DB052C4A52C300B5CDC9 /* ContentView.swift */ = {isa = PBXFileReference; fileEncoding = 4; lastKnownFileType = sourcecode.swift; path = ContentView.swift; sourceTree = "<group>"; };
		FA34DB062C4A52C300B5CDC9 /* GoMetalApp.swift */ = {isa = PBXFileReference; fileEncoding = 4; lastKnownFileType = sourcecode.swift; path = GoMetalApp.swift; sourceTree = "<group>"; };
		FA8F9B572C4365600004B88B /* CirclePattern.swift */ = {isa = PBXFileReference; lastKnownFileType = sourcecode.swift; path = CirclePattern.swift; sourceTree = "<group>"; };
		FA8F9B592C436A560004B88B /* LinePatternTests.swift */ = {isa = PBXFileReference; lastKnownFileType = sourcecode.swift; path = LinePatternTests.swift; sourceTree = "<group>"; };
		FA8F9B602C438CB80004B88B /* GemView.swift */ = {isa = PBXFileReference; lastKnownFileType = sourcecode.swift; path = GemView.swift; sourceTree = "<group>"; };
		FA8F9B622C43C1990004B88B /* CirclePatternTests.swift */ = {isa = PBXFileReference; lastKnownFileType = sourcecode.swift; path = CirclePatternTests.swift; sourceTree = "<group>"; };
		FA8F9B642C4524FE0004B88B /* SpellContext.swift */ = {isa = PBXFileReference; lastKnownFileType = sourcecode.swift; path = SpellContext.swift; sourceTree = "<group>"; };
		FA8F9B662C4527AA0004B88B /* SimulationService.swift */ = {isa = PBXFileReference; lastKnownFileType = sourcecode.swift; path = SimulationService.swift; sourceTree = "<group>"; };
		FAD929CC2C3D384400B86690 /* GoMetal.app */ = {isa = PBXFileReference; explicitFileType = wrapper.application; includeInIndex = 0; path = GoMetal.app; sourceTree = BUILT_PRODUCTS_DIR; };
		FAD929D32C3D384500B86690 /* Assets.xcassets */ = {isa = PBXFileReference; lastKnownFileType = folder.assetcatalog; path = Assets.xcassets; sourceTree = "<group>"; };
		FAD929D62C3D384500B86690 /* Preview Assets.xcassets */ = {isa = PBXFileReference; lastKnownFileType = folder.assetcatalog; path = "Preview Assets.xcassets"; sourceTree = "<group>"; };
		FAD929DF2C3D387200B86690 /* MetalView.swift */ = {isa = PBXFileReference; lastKnownFileType = sourcecode.swift; path = MetalView.swift; sourceTree = "<group>"; };
		FAD929E22C3D3B9100B86690 /* Shader1.metal */ = {isa = PBXFileReference; lastKnownFileType = sourcecode.metal; path = Shader1.metal; sourceTree = "<group>"; };
		FAD929E82C3D445E00B86690 /* ChildSizeReader.swift */ = {isa = PBXFileReference; lastKnownFileType = sourcecode.swift; path = ChildSizeReader.swift; sourceTree = "<group>"; };
		FAD929EB2C3E851A00B86690 /* SpellEnergy.swift */ = {isa = PBXFileReference; lastKnownFileType = sourcecode.swift; path = SpellEnergy.swift; sourceTree = "<group>"; };
		FAD929ED2C3E858F00B86690 /* SpellPattern.swift */ = {isa = PBXFileReference; lastKnownFileType = sourcecode.swift; path = SpellPattern.swift; sourceTree = "<group>"; };
		FAD929EF2C3E874700B86690 /* Math.swift */ = {isa = PBXFileReference; lastKnownFileType = sourcecode.swift; path = Math.swift; sourceTree = "<group>"; };
		FAD929F12C3E885800B86690 /* SpellTestView.swift */ = {isa = PBXFileReference; lastKnownFileType = sourcecode.swift; path = SpellTestView.swift; sourceTree = "<group>"; };
		FAD929F32C3E8AA800B86690 /* ActiveSpellView.swift */ = {isa = PBXFileReference; lastKnownFileType = sourcecode.swift; path = ActiveSpellView.swift; sourceTree = "<group>"; };
		FAD929F52C3E8F1900B86690 /* GemPositionEditView.swift */ = {isa = PBXFileReference; lastKnownFileType = sourcecode.swift; path = GemPositionEditView.swift; sourceTree = "<group>"; };
		FAD929F82C3E958700B86690 /* SpellCastService.swift */ = {isa = PBXFileReference; lastKnownFileType = sourcecode.swift; path = SpellCastService.swift; sourceTree = "<group>"; };
		FAD929FA2C3EA12600B86690 /* Spell.swift */ = {isa = PBXFileReference; lastKnownFileType = sourcecode.swift; path = Spell.swift; sourceTree = "<group>"; };
		FAD929FC2C3FD94900B86690 /* DirectionalFieldView.swift */ = {isa = PBXFileReference; lastKnownFileType = sourcecode.swift; path = DirectionalFieldView.swift; sourceTree = "<group>"; };
		FAD92A382C435D9900B86690 /* PatternProtocol.swift */ = {isa = PBXFileReference; lastKnownFileType = sourcecode.swift; path = PatternProtocol.swift; sourceTree = "<group>"; };
		FAD92A3A2C435E6500B86690 /* LinePattern.swift */ = {isa = PBXFileReference; lastKnownFileType = sourcecode.swift; path = LinePattern.swift; sourceTree = "<group>"; };
		FAD92A402C435F1000B86690 /* GoMetalTests.xctest */ = {isa = PBXFileReference; explicitFileType = wrapper.cfbundle; includeInIndex = 0; path = GoMetalTests.xctest; sourceTree = BUILT_PRODUCTS_DIR; };
		FAD92A4B2C435F6F00B86690 /* PatternSpaceTests.swift */ = {isa = PBXFileReference; lastKnownFileType = sourcecode.swift; path = PatternSpaceTests.swift; sourceTree = "<group>"; };
		FAD92A4D2C43617A00B86690 /* PatternSpace.swift */ = {isa = PBXFileReference; lastKnownFileType = sourcecode.swift; path = PatternSpace.swift; sourceTree = "<group>"; };
/* End PBXFileReference section */

/* Begin PBXFrameworksBuildPhase section */
		FAD929C92C3D384400B86690 /* Frameworks */ = {
			isa = PBXFrameworksBuildPhase;
			buildActionMask = 2147483647;
			files = (
				FA8F9B5E2C436E960004B88B /* VectorMath in Frameworks */,
				FA34DAFD2C4A4ECC00B5CDC9 /* ASKCore in Frameworks */,
			);
			runOnlyForDeploymentPostprocessing = 0;
		};
		FAD92A3D2C435F1000B86690 /* Frameworks */ = {
			isa = PBXFrameworksBuildPhase;
			buildActionMask = 2147483647;
			files = (
			);
			runOnlyForDeploymentPostprocessing = 0;
		};
/* End PBXFrameworksBuildPhase section */

/* Begin PBXGroup section */
		FA34DAF72C4A4CF400B5CDC9 /* Store */ = {
			isa = PBXGroup;
			children = (
				FA34DAF82C4A4CFF00B5CDC9 /* MainStore.swift */,
			);
			path = Store;
			sourceTree = "<group>";
		};
		FA34DAFA2C4A4DB700B5CDC9 /* App */ = {
			isa = PBXGroup;
			children = (
			);
			path = App;
			sourceTree = "<group>";
		};
		FA34DB072C4A52C300B5CDC9 /* App */ = {
			isa = PBXGroup;
			children = (
				FA34DB052C4A52C300B5CDC9 /* ContentView.swift */,
				FA34DB062C4A52C300B5CDC9 /* GoMetalApp.swift */,
			);
			path = App;
			sourceTree = "<group>";
		};
		FA8F9B5C2C436E960004B88B /* Frameworks */ = {
			isa = PBXGroup;
			children = (
			);
			name = Frameworks;
			sourceTree = "<group>";
		};
		FA8F9B5F2C438CA20004B88B /* Gem */ = {
			isa = PBXGroup;
			children = (
				FA8F9B602C438CB80004B88B /* GemView.swift */,
			);
			path = Gem;
			sourceTree = "<group>";
		};
		FAD929C32C3D384400B86690 = {
			isa = PBXGroup;
			children = (
				FAD929CE2C3D384400B86690 /* GoMetal */,
				FAD92A412C435F1000B86690 /* GoMetalTests */,
				FAD929CD2C3D384400B86690 /* Products */,
				FA8F9B5C2C436E960004B88B /* Frameworks */,
			);
			sourceTree = "<group>";
		};
		FAD929CD2C3D384400B86690 /* Products */ = {
			isa = PBXGroup;
			children = (
				FAD929CC2C3D384400B86690 /* GoMetal.app */,
				FAD92A402C435F1000B86690 /* GoMetalTests.xctest */,
			);
			name = Products;
			sourceTree = "<group>";
		};
		FAD929CE2C3D384400B86690 /* GoMetal */ = {
			isa = PBXGroup;
			children = (
				FA34DAF72C4A4CF400B5CDC9 /* Store */,
				FAD929F72C3E957F00B86690 /* Service */,
				FAD929EA2C3E84DC00B86690 /* Model */,
				FAD929E72C3D445600B86690 /* Util */,
				FAD929DE2C3D386B00B86690 /* Scene */,
				FAD929D32C3D384500B86690 /* Assets.xcassets */,
				FAD929D52C3D384500B86690 /* Preview Content */,
			);
			path = GoMetal;
			sourceTree = "<group>";
		};
		FAD929D52C3D384500B86690 /* Preview Content */ = {
			isa = PBXGroup;
			children = (
				FAD929D62C3D384500B86690 /* Preview Assets.xcassets */,
			);
			path = "Preview Content";
			sourceTree = "<group>";
		};
		FAD929DD2C3D386B00B86690 /* Metal */ = {
			isa = PBXGroup;
			children = (
				FAD929DF2C3D387200B86690 /* MetalView.swift */,
			);
			path = Metal;
			sourceTree = "<group>";
		};
		FAD929DE2C3D386B00B86690 /* Scene */ = {
			isa = PBXGroup;
			children = (
				FA34DB072C4A52C300B5CDC9 /* App */,
				FA8F9B5F2C438CA20004B88B /* Gem */,
				FAD929E42C3D429B00B86690 /* Magic */,
				FAD929E12C3D3B7000B86690 /* Shader */,
				FAD929DD2C3D386B00B86690 /* Metal */,
			);
			path = Scene;
			sourceTree = "<group>";
		};
		FAD929E12C3D3B7000B86690 /* Shader */ = {
			isa = PBXGroup;
			children = (
				FAD929E22C3D3B9100B86690 /* Shader1.metal */,
			);
			path = Shader;
			sourceTree = "<group>";
		};
		FAD929E42C3D429B00B86690 /* Magic */ = {
			isa = PBXGroup;
			children = (
				FAD929F12C3E885800B86690 /* SpellTestView.swift */,
				FAD929F32C3E8AA800B86690 /* ActiveSpellView.swift */,
				FAD929F52C3E8F1900B86690 /* GemPositionEditView.swift */,
				FAD929FC2C3FD94900B86690 /* DirectionalFieldView.swift */,
			);
			path = Magic;
			sourceTree = "<group>";
		};
		FAD929E72C3D445600B86690 /* Util */ = {
			isa = PBXGroup;
			children = (
				FAD929E82C3D445E00B86690 /* ChildSizeReader.swift */,
				FAD929EF2C3E874700B86690 /* Math.swift */,
			);
			path = Util;
			sourceTree = "<group>";
		};
		FAD929EA2C3E84DC00B86690 /* Model */ = {
			isa = PBXGroup;
			children = (
				FAD92A372C435D9200B86690 /* Pattern */,
				FAD929EB2C3E851A00B86690 /* SpellEnergy.swift */,
				FAD929ED2C3E858F00B86690 /* SpellPattern.swift */,
				FAD929FA2C3EA12600B86690 /* Spell.swift */,
				FA8F9B642C4524FE0004B88B /* SpellContext.swift */,
			);
			path = Model;
			sourceTree = "<group>";
		};
		FAD929F72C3E957F00B86690 /* Service */ = {
			isa = PBXGroup;
			children = (
				FA34DAFA2C4A4DB700B5CDC9 /* App */,
				FAD929F82C3E958700B86690 /* SpellCastService.swift */,
				FA8F9B662C4527AA0004B88B /* SimulationService.swift */,
				FA34DAFE2C4A4F0100B5CDC9 /* IOC.swift */,
			);
			path = Service;
			sourceTree = "<group>";
		};
		FAD92A372C435D9200B86690 /* Pattern */ = {
			isa = PBXGroup;
			children = (
				FAD92A382C435D9900B86690 /* PatternProtocol.swift */,
				FAD92A3A2C435E6500B86690 /* LinePattern.swift */,
				FA8F9B572C4365600004B88B /* CirclePattern.swift */,
				FAD92A4D2C43617A00B86690 /* PatternSpace.swift */,
			);
			path = Pattern;
			sourceTree = "<group>";
		};
		FAD92A412C435F1000B86690 /* GoMetalTests */ = {
			isa = PBXGroup;
			children = (
				FAD92A4A2C435F1F00B86690 /* Model */,
			);
			path = GoMetalTests;
			sourceTree = "<group>";
		};
		FAD92A492C435F1F00B86690 /* Pattern */ = {
			isa = PBXGroup;
			children = (
				FAD92A4B2C435F6F00B86690 /* PatternSpaceTests.swift */,
				FA8F9B592C436A560004B88B /* LinePatternTests.swift */,
				FA8F9B622C43C1990004B88B /* CirclePatternTests.swift */,
			);
			path = Pattern;
			sourceTree = "<group>";
		};
		FAD92A4A2C435F1F00B86690 /* Model */ = {
			isa = PBXGroup;
			children = (
				FAD92A492C435F1F00B86690 /* Pattern */,
			);
			path = Model;
			sourceTree = "<group>";
		};
/* End PBXGroup section */

/* Begin PBXNativeTarget section */
		FAD929CB2C3D384400B86690 /* GoMetal */ = {
			isa = PBXNativeTarget;
			buildConfigurationList = FAD929DA2C3D384500B86690 /* Build configuration list for PBXNativeTarget "GoMetal" */;
			buildPhases = (
				FAD929C82C3D384400B86690 /* Sources */,
				FAD929C92C3D384400B86690 /* Frameworks */,
				FAD929CA2C3D384400B86690 /* Resources */,
			);
			buildRules = (
			);
			dependencies = (
			);
			name = GoMetal;
			packageProductDependencies = (
				FA8F9B5D2C436E960004B88B /* VectorMath */,
				FA34DAFC2C4A4ECC00B5CDC9 /* ASKCore */,
			);
			productName = GoMetal;
			productReference = FAD929CC2C3D384400B86690 /* GoMetal.app */;
			productType = "com.apple.product-type.application";
		};
		FAD92A3F2C435F1000B86690 /* GoMetalTests */ = {
			isa = PBXNativeTarget;
			buildConfigurationList = FAD92A462C435F1000B86690 /* Build configuration list for PBXNativeTarget "GoMetalTests" */;
			buildPhases = (
				FAD92A3C2C435F1000B86690 /* Sources */,
				FAD92A3D2C435F1000B86690 /* Frameworks */,
				FAD92A3E2C435F1000B86690 /* Resources */,
			);
			buildRules = (
			);
			dependencies = (
				FAD92A452C435F1000B86690 /* PBXTargetDependency */,
			);
			name = GoMetalTests;
			productName = GoMetalTests;
			productReference = FAD92A402C435F1000B86690 /* GoMetalTests.xctest */;
			productType = "com.apple.product-type.bundle.unit-test";
		};
/* End PBXNativeTarget section */

/* Begin PBXProject section */
		FAD929C42C3D384400B86690 /* Project object */ = {
			isa = PBXProject;
			attributes = {
				BuildIndependentTargetsInParallel = 1;
				LastSwiftUpdateCheck = 1540;
				LastUpgradeCheck = 1540;
				TargetAttributes = {
					FAD929CB2C3D384400B86690 = {
						CreatedOnToolsVersion = 15.4;
					};
					FAD92A3F2C435F1000B86690 = {
						CreatedOnToolsVersion = 15.4;
						LastSwiftMigration = 1540;
						TestTargetID = FAD929CB2C3D384400B86690;
					};
				};
			};
			buildConfigurationList = FAD929C72C3D384400B86690 /* Build configuration list for PBXProject "GoMetal" */;
			compatibilityVersion = "Xcode 14.0";
			developmentRegion = en;
			hasScannedForEncodings = 0;
			knownRegions = (
				en,
				Base,
			);
			mainGroup = FAD929C32C3D384400B86690;
			packageReferences = (
				FA8F9B5B2C436E760004B88B /* XCRemoteSwiftPackageReference "VectorMath" */,
				FA34DAFB2C4A4ECC00B5CDC9 /* XCRemoteSwiftPackageReference "ASKCore" */,
			);
			productRefGroup = FAD929CD2C3D384400B86690 /* Products */;
			projectDirPath = "";
			projectRoot = "";
			targets = (
				FAD929CB2C3D384400B86690 /* GoMetal */,
				FAD92A3F2C435F1000B86690 /* GoMetalTests */,
			);
		};
/* End PBXProject section */

/* Begin PBXResourcesBuildPhase section */
		FAD929CA2C3D384400B86690 /* Resources */ = {
			isa = PBXResourcesBuildPhase;
			buildActionMask = 2147483647;
			files = (
				FAD929D72C3D384500B86690 /* Preview Assets.xcassets in Resources */,
				FAD929D42C3D384500B86690 /* Assets.xcassets in Resources */,
			);
			runOnlyForDeploymentPostprocessing = 0;
		};
		FAD92A3E2C435F1000B86690 /* Resources */ = {
			isa = PBXResourcesBuildPhase;
			buildActionMask = 2147483647;
			files = (
			);
			runOnlyForDeploymentPostprocessing = 0;
		};
/* End PBXResourcesBuildPhase section */

/* Begin PBXSourcesBuildPhase section */
		FAD929C82C3D384400B86690 /* Sources */ = {
			isa = PBXSourcesBuildPhase;
			buildActionMask = 2147483647;
			files = (
				FA8F9B582C4365600004B88B /* CirclePattern.swift in Sources */,
				FAD929E92C3D445E00B86690 /* ChildSizeReader.swift in Sources */,
				FA8F9B652C4524FE0004B88B /* SpellContext.swift in Sources */,
				FAD929F92C3E958700B86690 /* SpellCastService.swift in Sources */,
				FAD92A3B2C435E6500B86690 /* LinePattern.swift in Sources */,
				FAD929FD2C3FD94900B86690 /* DirectionalFieldView.swift in Sources */,
				FAD92A392C435D9900B86690 /* PatternProtocol.swift in Sources */,
				FA8F9B612C438CB80004B88B /* GemView.swift in Sources */,
				FA34DB092C4A52C300B5CDC9 /* GoMetalApp.swift in Sources */,
				FA34DAF92C4A4CFF00B5CDC9 /* MainStore.swift in Sources */,
				FAD929E02C3D387200B86690 /* MetalView.swift in Sources */,
				FA8F9B672C4527AA0004B88B /* SimulationService.swift in Sources */,
				FAD929F02C3E874700B86690 /* Math.swift in Sources */,
				FA34DB082C4A52C300B5CDC9 /* ContentView.swift in Sources */,
				FAD929EE2C3E858F00B86690 /* SpellPattern.swift in Sources */,
				FAD92A4E2C43617A00B86690 /* PatternSpace.swift in Sources */,
				FAD929E32C3D3B9100B86690 /* Shader1.metal in Sources */,
				FAD929F42C3E8AA800B86690 /* ActiveSpellView.swift in Sources */,
				FAD929EC2C3E851A00B86690 /* SpellEnergy.swift in Sources */,
				FAD929F62C3E8F1900B86690 /* GemPositionEditView.swift in Sources */,
				FAD929FB2C3EA12600B86690 /* Spell.swift in Sources */,
				FAD929F22C3E885800B86690 /* SpellTestView.swift in Sources */,
				FA34DAFF2C4A4F0100B5CDC9 /* IOC.swift in Sources */,
			);
			runOnlyForDeploymentPostprocessing = 0;
		};
		FAD92A3C2C435F1000B86690 /* Sources */ = {
			isa = PBXSourcesBuildPhase;
			buildActionMask = 2147483647;
			files = (
				FA8F9B5A2C436A560004B88B /* LinePatternTests.swift in Sources */,
				FAD92A4C2C435F6F00B86690 /* PatternSpaceTests.swift in Sources */,
				FA8F9B632C43C1990004B88B /* CirclePatternTests.swift in Sources */,
			);
			runOnlyForDeploymentPostprocessing = 0;
		};
/* End PBXSourcesBuildPhase section */

/* Begin PBXTargetDependency section */
		FAD92A452C435F1000B86690 /* PBXTargetDependency */ = {
			isa = PBXTargetDependency;
			target = FAD929CB2C3D384400B86690 /* GoMetal */;
			targetProxy = FAD92A442C435F1000B86690 /* PBXContainerItemProxy */;
		};
/* End PBXTargetDependency section */

/* Begin XCBuildConfiguration section */
		FAD929D82C3D384500B86690 /* Debug */ = {
			isa = XCBuildConfiguration;
			buildSettings = {
				ALWAYS_SEARCH_USER_PATHS = NO;
				ASSETCATALOG_COMPILER_GENERATE_SWIFT_ASSET_SYMBOL_EXTENSIONS = YES;
				CLANG_ANALYZER_NONNULL = YES;
				CLANG_ANALYZER_NUMBER_OBJECT_CONVERSION = YES_AGGRESSIVE;
				CLANG_CXX_LANGUAGE_STANDARD = "gnu++20";
				CLANG_ENABLE_MODULES = YES;
				CLANG_ENABLE_OBJC_ARC = YES;
				CLANG_ENABLE_OBJC_WEAK = YES;
				CLANG_WARN_BLOCK_CAPTURE_AUTORELEASING = YES;
				CLANG_WARN_BOOL_CONVERSION = YES;
				CLANG_WARN_COMMA = YES;
				CLANG_WARN_CONSTANT_CONVERSION = YES;
				CLANG_WARN_DEPRECATED_OBJC_IMPLEMENTATIONS = YES;
				CLANG_WARN_DIRECT_OBJC_ISA_USAGE = YES_ERROR;
				CLANG_WARN_DOCUMENTATION_COMMENTS = YES;
				CLANG_WARN_EMPTY_BODY = YES;
				CLANG_WARN_ENUM_CONVERSION = YES;
				CLANG_WARN_INFINITE_RECURSION = YES;
				CLANG_WARN_INT_CONVERSION = YES;
				CLANG_WARN_NON_LITERAL_NULL_CONVERSION = YES;
				CLANG_WARN_OBJC_IMPLICIT_RETAIN_SELF = YES;
				CLANG_WARN_OBJC_LITERAL_CONVERSION = YES;
				CLANG_WARN_OBJC_ROOT_CLASS = YES_ERROR;
				CLANG_WARN_QUOTED_INCLUDE_IN_FRAMEWORK_HEADER = YES;
				CLANG_WARN_RANGE_LOOP_ANALYSIS = YES;
				CLANG_WARN_STRICT_PROTOTYPES = YES;
				CLANG_WARN_SUSPICIOUS_MOVE = YES;
				CLANG_WARN_UNGUARDED_AVAILABILITY = YES_AGGRESSIVE;
				CLANG_WARN_UNREACHABLE_CODE = YES;
				CLANG_WARN__DUPLICATE_METHOD_MATCH = YES;
				COPY_PHASE_STRIP = NO;
				DEBUG_INFORMATION_FORMAT = dwarf;
				ENABLE_STRICT_OBJC_MSGSEND = YES;
				ENABLE_TESTABILITY = YES;
				ENABLE_USER_SCRIPT_SANDBOXING = YES;
				GCC_C_LANGUAGE_STANDARD = gnu17;
				GCC_DYNAMIC_NO_PIC = NO;
				GCC_NO_COMMON_BLOCKS = YES;
				GCC_OPTIMIZATION_LEVEL = 0;
				GCC_PREPROCESSOR_DEFINITIONS = (
					"DEBUG=1",
					"$(inherited)",
				);
				GCC_WARN_64_TO_32_BIT_CONVERSION = YES;
				GCC_WARN_ABOUT_RETURN_TYPE = YES_ERROR;
				GCC_WARN_UNDECLARED_SELECTOR = YES;
				GCC_WARN_UNINITIALIZED_AUTOS = YES_AGGRESSIVE;
				GCC_WARN_UNUSED_FUNCTION = YES;
				GCC_WARN_UNUSED_VARIABLE = YES;
				IPHONEOS_DEPLOYMENT_TARGET = 17.5;
				LOCALIZATION_PREFERS_STRING_CATALOGS = YES;
				MTL_ENABLE_DEBUG_INFO = INCLUDE_SOURCE;
				MTL_FAST_MATH = YES;
				ONLY_ACTIVE_ARCH = YES;
				SDKROOT = iphoneos;
				SWIFT_ACTIVE_COMPILATION_CONDITIONS = "DEBUG $(inherited)";
				SWIFT_OPTIMIZATION_LEVEL = "-Onone";
			};
			name = Debug;
		};
		FAD929D92C3D384500B86690 /* Release */ = {
			isa = XCBuildConfiguration;
			buildSettings = {
				ALWAYS_SEARCH_USER_PATHS = NO;
				ASSETCATALOG_COMPILER_GENERATE_SWIFT_ASSET_SYMBOL_EXTENSIONS = YES;
				CLANG_ANALYZER_NONNULL = YES;
				CLANG_ANALYZER_NUMBER_OBJECT_CONVERSION = YES_AGGRESSIVE;
				CLANG_CXX_LANGUAGE_STANDARD = "gnu++20";
				CLANG_ENABLE_MODULES = YES;
				CLANG_ENABLE_OBJC_ARC = YES;
				CLANG_ENABLE_OBJC_WEAK = YES;
				CLANG_WARN_BLOCK_CAPTURE_AUTORELEASING = YES;
				CLANG_WARN_BOOL_CONVERSION = YES;
				CLANG_WARN_COMMA = YES;
				CLANG_WARN_CONSTANT_CONVERSION = YES;
				CLANG_WARN_DEPRECATED_OBJC_IMPLEMENTATIONS = YES;
				CLANG_WARN_DIRECT_OBJC_ISA_USAGE = YES_ERROR;
				CLANG_WARN_DOCUMENTATION_COMMENTS = YES;
				CLANG_WARN_EMPTY_BODY = YES;
				CLANG_WARN_ENUM_CONVERSION = YES;
				CLANG_WARN_INFINITE_RECURSION = YES;
				CLANG_WARN_INT_CONVERSION = YES;
				CLANG_WARN_NON_LITERAL_NULL_CONVERSION = YES;
				CLANG_WARN_OBJC_IMPLICIT_RETAIN_SELF = YES;
				CLANG_WARN_OBJC_LITERAL_CONVERSION = YES;
				CLANG_WARN_OBJC_ROOT_CLASS = YES_ERROR;
				CLANG_WARN_QUOTED_INCLUDE_IN_FRAMEWORK_HEADER = YES;
				CLANG_WARN_RANGE_LOOP_ANALYSIS = YES;
				CLANG_WARN_STRICT_PROTOTYPES = YES;
				CLANG_WARN_SUSPICIOUS_MOVE = YES;
				CLANG_WARN_UNGUARDED_AVAILABILITY = YES_AGGRESSIVE;
				CLANG_WARN_UNREACHABLE_CODE = YES;
				CLANG_WARN__DUPLICATE_METHOD_MATCH = YES;
				COPY_PHASE_STRIP = NO;
				DEBUG_INFORMATION_FORMAT = "dwarf-with-dsym";
				ENABLE_NS_ASSERTIONS = NO;
				ENABLE_STRICT_OBJC_MSGSEND = YES;
				ENABLE_USER_SCRIPT_SANDBOXING = YES;
				GCC_C_LANGUAGE_STANDARD = gnu17;
				GCC_NO_COMMON_BLOCKS = YES;
				GCC_WARN_64_TO_32_BIT_CONVERSION = YES;
				GCC_WARN_ABOUT_RETURN_TYPE = YES_ERROR;
				GCC_WARN_UNDECLARED_SELECTOR = YES;
				GCC_WARN_UNINITIALIZED_AUTOS = YES_AGGRESSIVE;
				GCC_WARN_UNUSED_FUNCTION = YES;
				GCC_WARN_UNUSED_VARIABLE = YES;
				IPHONEOS_DEPLOYMENT_TARGET = 17.5;
				LOCALIZATION_PREFERS_STRING_CATALOGS = YES;
				MTL_ENABLE_DEBUG_INFO = NO;
				MTL_FAST_MATH = YES;
				SDKROOT = iphoneos;
				SWIFT_COMPILATION_MODE = wholemodule;
				VALIDATE_PRODUCT = YES;
			};
			name = Release;
		};
		FAD929DB2C3D384500B86690 /* Debug */ = {
			isa = XCBuildConfiguration;
			buildSettings = {
				ASSETCATALOG_COMPILER_APPICON_NAME = AppIcon;
				ASSETCATALOG_COMPILER_GLOBAL_ACCENT_COLOR_NAME = AccentColor;
				CODE_SIGN_STYLE = Automatic;
				CURRENT_PROJECT_VERSION = 1;
				DEVELOPMENT_ASSET_PATHS = "\"GoMetal/Preview Content\"";
				DEVELOPMENT_TEAM = X4S6MUZL2D;
				ENABLE_PREVIEWS = YES;
				GENERATE_INFOPLIST_FILE = YES;
				INFOPLIST_KEY_UIApplicationSceneManifest_Generation = YES;
				INFOPLIST_KEY_UIApplicationSupportsIndirectInputEvents = YES;
				INFOPLIST_KEY_UILaunchScreen_Generation = YES;
				INFOPLIST_KEY_UISupportedInterfaceOrientations_iPad = "UIInterfaceOrientationPortrait UIInterfaceOrientationPortraitUpsideDown UIInterfaceOrientationLandscapeLeft UIInterfaceOrientationLandscapeRight";
				INFOPLIST_KEY_UISupportedInterfaceOrientations_iPhone = "UIInterfaceOrientationPortrait UIInterfaceOrientationLandscapeLeft UIInterfaceOrientationLandscapeRight";
				LD_RUNPATH_SEARCH_PATHS = (
					"$(inherited)",
					"@executable_path/Frameworks",
				);
				MARKETING_VERSION = 1.0;
				PRODUCT_BUNDLE_IDENTIFIER = com.skorulis.GoMetal;
				PRODUCT_NAME = "$(TARGET_NAME)";
				SWIFT_EMIT_LOC_STRINGS = YES;
				SWIFT_VERSION = 5.0;
				TARGETED_DEVICE_FAMILY = "1,2";
			};
			name = Debug;
		};
		FAD929DC2C3D384500B86690 /* Release */ = {
			isa = XCBuildConfiguration;
			buildSettings = {
				ASSETCATALOG_COMPILER_APPICON_NAME = AppIcon;
				ASSETCATALOG_COMPILER_GLOBAL_ACCENT_COLOR_NAME = AccentColor;
				CODE_SIGN_STYLE = Automatic;
				CURRENT_PROJECT_VERSION = 1;
				DEVELOPMENT_ASSET_PATHS = "\"GoMetal/Preview Content\"";
				DEVELOPMENT_TEAM = X4S6MUZL2D;
				ENABLE_PREVIEWS = YES;
				GENERATE_INFOPLIST_FILE = YES;
				INFOPLIST_KEY_UIApplicationSceneManifest_Generation = YES;
				INFOPLIST_KEY_UIApplicationSupportsIndirectInputEvents = YES;
				INFOPLIST_KEY_UILaunchScreen_Generation = YES;
				INFOPLIST_KEY_UISupportedInterfaceOrientations_iPad = "UIInterfaceOrientationPortrait UIInterfaceOrientationPortraitUpsideDown UIInterfaceOrientationLandscapeLeft UIInterfaceOrientationLandscapeRight";
				INFOPLIST_KEY_UISupportedInterfaceOrientations_iPhone = "UIInterfaceOrientationPortrait UIInterfaceOrientationLandscapeLeft UIInterfaceOrientationLandscapeRight";
				LD_RUNPATH_SEARCH_PATHS = (
					"$(inherited)",
					"@executable_path/Frameworks",
				);
				MARKETING_VERSION = 1.0;
				PRODUCT_BUNDLE_IDENTIFIER = com.skorulis.GoMetal;
				PRODUCT_NAME = "$(TARGET_NAME)";
				SWIFT_EMIT_LOC_STRINGS = YES;
				SWIFT_VERSION = 5.0;
				TARGETED_DEVICE_FAMILY = "1,2";
			};
			name = Release;
		};
		FAD92A472C435F1000B86690 /* Debug */ = {
			isa = XCBuildConfiguration;
			buildSettings = {
				BUNDLE_LOADER = "$(TEST_HOST)";
				CLANG_ENABLE_MODULES = YES;
				CODE_SIGN_STYLE = Automatic;
				CURRENT_PROJECT_VERSION = 1;
				DEVELOPMENT_TEAM = X4S6MUZL2D;
				GENERATE_INFOPLIST_FILE = YES;
				MARKETING_VERSION = 1.0;
				PRODUCT_BUNDLE_IDENTIFIER = com.skorulis.GoMetalTests;
				PRODUCT_NAME = "$(TARGET_NAME)";
				SWIFT_EMIT_LOC_STRINGS = NO;
				SWIFT_OPTIMIZATION_LEVEL = "-Onone";
				SWIFT_VERSION = 5.0;
				TARGETED_DEVICE_FAMILY = "1,2";
				TEST_HOST = "$(BUILT_PRODUCTS_DIR)/GoMetal.app/$(BUNDLE_EXECUTABLE_FOLDER_PATH)/GoMetal";
			};
			name = Debug;
		};
		FAD92A482C435F1000B86690 /* Release */ = {
			isa = XCBuildConfiguration;
			buildSettings = {
				BUNDLE_LOADER = "$(TEST_HOST)";
				CLANG_ENABLE_MODULES = YES;
				CODE_SIGN_STYLE = Automatic;
				CURRENT_PROJECT_VERSION = 1;
				DEVELOPMENT_TEAM = X4S6MUZL2D;
				GENERATE_INFOPLIST_FILE = YES;
				MARKETING_VERSION = 1.0;
				PRODUCT_BUNDLE_IDENTIFIER = com.skorulis.GoMetalTests;
				PRODUCT_NAME = "$(TARGET_NAME)";
				SWIFT_EMIT_LOC_STRINGS = NO;
				SWIFT_VERSION = 5.0;
				TARGETED_DEVICE_FAMILY = "1,2";
				TEST_HOST = "$(BUILT_PRODUCTS_DIR)/GoMetal.app/$(BUNDLE_EXECUTABLE_FOLDER_PATH)/GoMetal";
			};
			name = Release;
		};
/* End XCBuildConfiguration section */

/* Begin XCConfigurationList section */
		FAD929C72C3D384400B86690 /* Build configuration list for PBXProject "GoMetal" */ = {
			isa = XCConfigurationList;
			buildConfigurations = (
				FAD929D82C3D384500B86690 /* Debug */,
				FAD929D92C3D384500B86690 /* Release */,
			);
			defaultConfigurationIsVisible = 0;
			defaultConfigurationName = Release;
		};
		FAD929DA2C3D384500B86690 /* Build configuration list for PBXNativeTarget "GoMetal" */ = {
			isa = XCConfigurationList;
			buildConfigurations = (
				FAD929DB2C3D384500B86690 /* Debug */,
				FAD929DC2C3D384500B86690 /* Release */,
			);
			defaultConfigurationIsVisible = 0;
			defaultConfigurationName = Release;
		};
		FAD92A462C435F1000B86690 /* Build configuration list for PBXNativeTarget "GoMetalTests" */ = {
			isa = XCConfigurationList;
			buildConfigurations = (
				FAD92A472C435F1000B86690 /* Debug */,
				FAD92A482C435F1000B86690 /* Release */,
			);
			defaultConfigurationIsVisible = 0;
			defaultConfigurationName = Release;
		};
/* End XCConfigurationList section */

/* Begin XCRemoteSwiftPackageReference section */
		FA34DAFB2C4A4ECC00B5CDC9 /* XCRemoteSwiftPackageReference "ASKCore" */ = {
			isa = XCRemoteSwiftPackageReference;
			repositoryURL = "https://github.com/skorulis/ASKCore";
			requirement = {
				branch = main;
				kind = branch;
			};
		};
		FA8F9B5B2C436E760004B88B /* XCRemoteSwiftPackageReference "VectorMath" */ = {
			isa = XCRemoteSwiftPackageReference;
			repositoryURL = "git@github.com:nicklockwood/VectorMath.git";
			requirement = {
				kind = upToNextMajorVersion;
				minimumVersion = 0.4.1;
			};
		};
/* End XCRemoteSwiftPackageReference section */

/* Begin XCSwiftPackageProductDependency section */
		FA34DAFC2C4A4ECC00B5CDC9 /* ASKCore */ = {
			isa = XCSwiftPackageProductDependency;
			package = FA34DAFB2C4A4ECC00B5CDC9 /* XCRemoteSwiftPackageReference "ASKCore" */;
			productName = ASKCore;
		};
		FA8F9B5D2C436E960004B88B /* VectorMath */ = {
			isa = XCSwiftPackageProductDependency;
			package = FA8F9B5B2C436E760004B88B /* XCRemoteSwiftPackageReference "VectorMath" */;
			productName = VectorMath;
		};
/* End XCSwiftPackageProductDependency section */
	};
	rootObject = FAD929C42C3D384400B86690 /* Project object */;
}
