// !$*UTF8*$!
{
	archiveVersion = 1;
	classes = {
	};
	objectVersion = 60;
	objects = {

/* Begin PBXBuildFile section */
		FA044CEA2C82880E00CFC0EA /* BattleParticle.swift in Sources */ = {isa = PBXBuildFile; fileRef = FA044CE92C82880E00CFC0EA /* BattleParticle.swift */; };
		FA044CED2C82928000CFC0EA /* BattleParticlesView.swift in Sources */ = {isa = PBXBuildFile; fileRef = FA044CEC2C82928000CFC0EA /* BattleParticlesView.swift */; };
		FA34DAF92C4A4CFF00B5CDC9 /* MainStore.swift in Sources */ = {isa = PBXBuildFile; fileRef = FA34DAF82C4A4CFF00B5CDC9 /* MainStore.swift */; };
		FA34DB082C4A52C300B5CDC9 /* ContentView.swift in Sources */ = {isa = PBXBuildFile; fileRef = FA34DB052C4A52C300B5CDC9 /* ContentView.swift */; };
		FA34DB092C4A52C300B5CDC9 /* GoMetalApp.swift in Sources */ = {isa = PBXBuildFile; fileRef = FA34DB062C4A52C300B5CDC9 /* GoMetalApp.swift */; };
		FA51A4692C7AA71A0094C320 /* BattleTestView.swift in Sources */ = {isa = PBXBuildFile; fileRef = FA51A4682C7AA71A0094C320 /* BattleTestView.swift */; };
		FA51A46C2C7AA72C0094C320 /* BattleTestViewModel.swift in Sources */ = {isa = PBXBuildFile; fileRef = FA51A46B2C7AA72C0094C320 /* BattleTestViewModel.swift */; };
		FA51A4722C7AD36B0094C320 /* Battle.swift in Sources */ = {isa = PBXBuildFile; fileRef = FA51A4712C7AD36B0094C320 /* Battle.swift */; };
		FA51A4742C7AD3940094C320 /* Caster.swift in Sources */ = {isa = PBXBuildFile; fileRef = FA51A4732C7AD3940094C320 /* Caster.swift */; };
		FA51A4772C7AD4680094C320 /* BattleSimulationFactory.swift in Sources */ = {isa = PBXBuildFile; fileRef = FA51A4762C7AD4680094C320 /* BattleSimulationFactory.swift */; };
		FA51A4792C7AD4A60094C320 /* BattleSimulation.swift in Sources */ = {isa = PBXBuildFile; fileRef = FA51A4782C7AD4A60094C320 /* BattleSimulation.swift */; };
		FA8F9B582C4365600004B88B /* CirclePattern.swift in Sources */ = {isa = PBXBuildFile; fileRef = FA8F9B572C4365600004B88B /* CirclePattern.swift */; };
		FA8F9B5A2C436A560004B88B /* LinePatternTests.swift in Sources */ = {isa = PBXBuildFile; fileRef = FA8F9B592C436A560004B88B /* LinePatternTests.swift */; };
		FA8F9B5E2C436E960004B88B /* VectorMath in Frameworks */ = {isa = PBXBuildFile; productRef = FA8F9B5D2C436E960004B88B /* VectorMath */; };
		FA8F9B612C438CB80004B88B /* GemView.swift in Sources */ = {isa = PBXBuildFile; fileRef = FA8F9B602C438CB80004B88B /* GemView.swift */; };
		FA8F9B632C43C1990004B88B /* CirclePatternTests.swift in Sources */ = {isa = PBXBuildFile; fileRef = FA8F9B622C43C1990004B88B /* CirclePatternTests.swift */; };
		FA8F9B652C4524FE0004B88B /* SpellContext.swift in Sources */ = {isa = PBXBuildFile; fileRef = FA8F9B642C4524FE0004B88B /* SpellContext.swift */; };
		FA8F9B672C4527AA0004B88B /* SpellCastSimulation.swift in Sources */ = {isa = PBXBuildFile; fileRef = FA8F9B662C4527AA0004B88B /* SpellCastSimulation.swift */; };
		FA9ABC8D2C54A238007BA24A /* CastResult.swift in Sources */ = {isa = PBXBuildFile; fileRef = FA9ABC8C2C54A238007BA24A /* CastResult.swift */; };
		FA9ABC8F2C54B965007BA24A /* Gem.swift in Sources */ = {isa = PBXBuildFile; fileRef = FA9ABC8E2C54B965007BA24A /* Gem.swift */; };
		FA9ABC912C55FAFF007BA24A /* GemInventoryView.swift in Sources */ = {isa = PBXBuildFile; fileRef = FA9ABC902C55FAFF007BA24A /* GemInventoryView.swift */; };
		FA9ABC932C55FB1D007BA24A /* Inventory.swift in Sources */ = {isa = PBXBuildFile; fileRef = FA9ABC922C55FB1D007BA24A /* Inventory.swift */; };
		FA9ABC962C560922007BA24A /* CircularButtonStyle.swift in Sources */ = {isa = PBXBuildFile; fileRef = FA9ABC952C560922007BA24A /* CircularButtonStyle.swift */; };
		FA9ABC982C5609B0007BA24A /* SpellTestViewModel.swift in Sources */ = {isa = PBXBuildFile; fileRef = FA9ABC972C5609B0007BA24A /* SpellTestViewModel.swift */; };
		FA9ABC9A2C56110A007BA24A /* SelectGemView.swift in Sources */ = {isa = PBXBuildFile; fileRef = FA9ABC992C56110A007BA24A /* SelectGemView.swift */; };
		FA9ABC9C2C56120D007BA24A /* SelectGemViewModel.swift in Sources */ = {isa = PBXBuildFile; fileRef = FA9ABC9B2C56120D007BA24A /* SelectGemViewModel.swift */; };
		FA9ABCA42C5616BB007BA24A /* IOC.swift in Sources */ = {isa = PBXBuildFile; fileRef = FA9ABCA32C5616BB007BA24A /* IOC.swift */; };
		FAACC6412C6A0BD3000BB21F /* EnergyType.swift in Sources */ = {isa = PBXBuildFile; fileRef = FAACC6402C6A0BD3000BB21F /* EnergyType.swift */; };
		FAACC6432C6B361D000BB21F /* Vector2+Additions.swift in Sources */ = {isa = PBXBuildFile; fileRef = FAACC6422C6B361D000BB21F /* Vector2+Additions.swift */; };
		FAACC6462C6B3716000BB21F /* Vector2Tests.swift in Sources */ = {isa = PBXBuildFile; fileRef = FAACC6452C6B3716000BB21F /* Vector2Tests.swift */; };
		FAACC6502C6F438E000BB21F /* SpellShape.swift in Sources */ = {isa = PBXBuildFile; fileRef = FAACC64F2C6F438E000BB21F /* SpellShape.swift */; };
		FAACC6522C6F4B28000BB21F /* SpellShapeMatcher.swift in Sources */ = {isa = PBXBuildFile; fileRef = FAACC6512C6F4B28000BB21F /* SpellShapeMatcher.swift */; };
		FAACC6552C6F4B85000BB21F /* SpellShapeMatcherTests.swift in Sources */ = {isa = PBXBuildFile; fileRef = FAACC6542C6F4B85000BB21F /* SpellShapeMatcherTests.swift */; };
		FAAE8CB22C798CA000B19CBD /* MainMenuView.swift in Sources */ = {isa = PBXBuildFile; fileRef = FAAE8CB12C798CA000B19CBD /* MainMenuView.swift */; };
		FAAE8CB52C798EC400B19CBD /* ASKDesignSystem in Frameworks */ = {isa = PBXBuildFile; productRef = FAAE8CB42C798EC400B19CBD /* ASKDesignSystem */; };
		FAAE8CB72C798F4500B19CBD /* MainMenuViewModel.swift in Sources */ = {isa = PBXBuildFile; fileRef = FAAE8CB62C798F4500B19CBD /* MainMenuViewModel.swift */; };
		FAAE8CBA2C7990A900B19CBD /* RootPath.swift in Sources */ = {isa = PBXBuildFile; fileRef = FAAE8CB92C7990A900B19CBD /* RootPath.swift */; };
		FAAE8CBC2C79952400B19CBD /* SpellStore.swift in Sources */ = {isa = PBXBuildFile; fileRef = FAAE8CBB2C79952400B19CBD /* SpellStore.swift */; };
		FAAE8CBF2C799F4700B19CBD /* Knit in Frameworks */ = {isa = PBXBuildFile; productRef = FAAE8CBE2C799F4700B19CBD /* Knit */; };
		FAAE8CC22C79A05900B19CBD /* knitconfig.json in Resources */ = {isa = PBXBuildFile; fileRef = FAAE8CC12C79A05900B19CBD /* knitconfig.json */; };
		FAAE8CC42C79A07300B19CBD /* GoMetalAssembly.swift in Sources */ = {isa = PBXBuildFile; fileRef = FAAE8CC32C79A07300B19CBD /* GoMetalAssembly.swift */; };
		FAAE8CCA2C79A84C00B19CBD /* ASKCore in Frameworks */ = {isa = PBXBuildFile; productRef = FAAE8CC92C79A84C00B19CBD /* ASKCore */; };
		FAAE8CCE2C79B1AF00B19CBD /* SpellListMenu.swift in Sources */ = {isa = PBXBuildFile; fileRef = FAAE8CCD2C79B1AF00B19CBD /* SpellListMenu.swift */; };
		FAAE8CD12C79B1D000B19CBD /* SpellListMenuViewModel.swift in Sources */ = {isa = PBXBuildFile; fileRef = FAAE8CD02C79B1D000B19CBD /* SpellListMenuViewModel.swift */; };
		FAC2292D2C4B33D7009498E1 /* PatternView.swift in Sources */ = {isa = PBXBuildFile; fileRef = FAC2292C2C4B33D7009498E1 /* PatternView.swift */; };
		FAC229302C4B6460009498E1 /* SpellEnergy.swift in Sources */ = {isa = PBXBuildFile; fileRef = FAC2292E2C4B6460009498E1 /* SpellEnergy.swift */; };
		FAC229322C4B6469009498E1 /* ForceComponents.swift in Sources */ = {isa = PBXBuildFile; fileRef = FAC229312C4B6469009498E1 /* ForceComponents.swift */; };
		FAC73DA02C7F09B0006BDE96 /* DeltaProvider.swift in Sources */ = {isa = PBXBuildFile; fileRef = FAC73D9F2C7F09B0006BDE96 /* DeltaProvider.swift */; };
		FAC73DA32C8074D4006BDE96 /* ArenaLayoutView.swift in Sources */ = {isa = PBXBuildFile; fileRef = FAC73DA22C8074D4006BDE96 /* ArenaLayoutView.swift */; };
		FAD929D42C3D384500B86690 /* Assets.xcassets in Resources */ = {isa = PBXBuildFile; fileRef = FAD929D32C3D384500B86690 /* Assets.xcassets */; };
		FAD929D72C3D384500B86690 /* Preview Assets.xcassets in Resources */ = {isa = PBXBuildFile; fileRef = FAD929D62C3D384500B86690 /* Preview Assets.xcassets */; };
		FAD929E02C3D387200B86690 /* MetalView.swift in Sources */ = {isa = PBXBuildFile; fileRef = FAD929DF2C3D387200B86690 /* MetalView.swift */; };
		FAD929E32C3D3B9100B86690 /* Shader1.metal in Sources */ = {isa = PBXBuildFile; fileRef = FAD929E22C3D3B9100B86690 /* Shader1.metal */; };
		FAD929E92C3D445E00B86690 /* ChildSizeReader.swift in Sources */ = {isa = PBXBuildFile; fileRef = FAD929E82C3D445E00B86690 /* ChildSizeReader.swift */; };
		FAD929EE2C3E858F00B86690 /* SpellPattern.swift in Sources */ = {isa = PBXBuildFile; fileRef = FAD929ED2C3E858F00B86690 /* SpellPattern.swift */; };
		FAD929F02C3E874700B86690 /* Math.swift in Sources */ = {isa = PBXBuildFile; fileRef = FAD929EF2C3E874700B86690 /* Math.swift */; };
		FAD929F22C3E885800B86690 /* SpellTestView.swift in Sources */ = {isa = PBXBuildFile; fileRef = FAD929F12C3E885800B86690 /* SpellTestView.swift */; };
		FAD929F42C3E8AA800B86690 /* ActiveSpellView.swift in Sources */ = {isa = PBXBuildFile; fileRef = FAD929F32C3E8AA800B86690 /* ActiveSpellView.swift */; };
		FAD929F62C3E8F1900B86690 /* GemPositionEditView.swift in Sources */ = {isa = PBXBuildFile; fileRef = FAD929F52C3E8F1900B86690 /* GemPositionEditView.swift */; };
		FAD929F92C3E958700B86690 /* SpellCastService.swift in Sources */ = {isa = PBXBuildFile; fileRef = FAD929F82C3E958700B86690 /* SpellCastService.swift */; };
		FAD929FB2C3EA12600B86690 /* Spell.swift in Sources */ = {isa = PBXBuildFile; fileRef = FAD929FA2C3EA12600B86690 /* Spell.swift */; };
		FAD929FD2C3FD94900B86690 /* DirectionalFieldView.swift in Sources */ = {isa = PBXBuildFile; fileRef = FAD929FC2C3FD94900B86690 /* DirectionalFieldView.swift */; };
		FAD92A392C435D9900B86690 /* PatternProtocol.swift in Sources */ = {isa = PBXBuildFile; fileRef = FAD92A382C435D9900B86690 /* PatternProtocol.swift */; };
		FAD92A3B2C435E6500B86690 /* LinePattern.swift in Sources */ = {isa = PBXBuildFile; fileRef = FAD92A3A2C435E6500B86690 /* LinePattern.swift */; };
		FAD92A4C2C435F6F00B86690 /* NormalizedSpaceTests.swift in Sources */ = {isa = PBXBuildFile; fileRef = FAD92A4B2C435F6F00B86690 /* NormalizedSpaceTests.swift */; };
		FAD92A4E2C43617A00B86690 /* NormalizedSpace.swift in Sources */ = {isa = PBXBuildFile; fileRef = FAD92A4D2C43617A00B86690 /* NormalizedSpace.swift */; };
/* End PBXBuildFile section */

/* Begin PBXContainerItemProxy section */
		FAD92A442C435F1000B86690 /* PBXContainerItemProxy */ = {
			isa = PBXContainerItemProxy;
			containerPortal = FAD929C42C3D384400B86690 /* Project object */;
			proxyType = 1;
			remoteGlobalIDString = FAD929CB2C3D384400B86690;
			remoteInfo = GoMetal;
		};
/* End PBXContainerItemProxy section */

/* Begin PBXFileReference section */
		FA044CE92C82880E00CFC0EA /* BattleParticle.swift */ = {isa = PBXFileReference; lastKnownFileType = sourcecode.swift; path = BattleParticle.swift; sourceTree = "<group>"; };
		FA044CEC2C82928000CFC0EA /* BattleParticlesView.swift */ = {isa = PBXFileReference; lastKnownFileType = sourcecode.swift; path = BattleParticlesView.swift; sourceTree = "<group>"; };
		FA34DAF82C4A4CFF00B5CDC9 /* MainStore.swift */ = {isa = PBXFileReference; lastKnownFileType = sourcecode.swift; path = MainStore.swift; sourceTree = "<group>"; };
		FA34DB052C4A52C300B5CDC9 /* ContentView.swift */ = {isa = PBXFileReference; fileEncoding = 4; lastKnownFileType = sourcecode.swift; path = ContentView.swift; sourceTree = "<group>"; };
		FA34DB062C4A52C300B5CDC9 /* GoMetalApp.swift */ = {isa = PBXFileReference; fileEncoding = 4; lastKnownFileType = sourcecode.swift; path = GoMetalApp.swift; sourceTree = "<group>"; };
		FA51A4682C7AA71A0094C320 /* BattleTestView.swift */ = {isa = PBXFileReference; lastKnownFileType = sourcecode.swift; path = BattleTestView.swift; sourceTree = "<group>"; };
		FA51A46B2C7AA72C0094C320 /* BattleTestViewModel.swift */ = {isa = PBXFileReference; lastKnownFileType = sourcecode.swift; path = BattleTestViewModel.swift; sourceTree = "<group>"; };
		FA51A4712C7AD36B0094C320 /* Battle.swift */ = {isa = PBXFileReference; lastKnownFileType = sourcecode.swift; path = Battle.swift; sourceTree = "<group>"; };
		FA51A4732C7AD3940094C320 /* Caster.swift */ = {isa = PBXFileReference; lastKnownFileType = sourcecode.swift; path = Caster.swift; sourceTree = "<group>"; };
		FA51A4762C7AD4680094C320 /* BattleSimulationFactory.swift */ = {isa = PBXFileReference; lastKnownFileType = sourcecode.swift; path = BattleSimulationFactory.swift; sourceTree = "<group>"; };
		FA51A4782C7AD4A60094C320 /* BattleSimulation.swift */ = {isa = PBXFileReference; lastKnownFileType = sourcecode.swift; path = BattleSimulation.swift; sourceTree = "<group>"; };
		FA8F9B572C4365600004B88B /* CirclePattern.swift */ = {isa = PBXFileReference; lastKnownFileType = sourcecode.swift; path = CirclePattern.swift; sourceTree = "<group>"; };
		FA8F9B592C436A560004B88B /* LinePatternTests.swift */ = {isa = PBXFileReference; lastKnownFileType = sourcecode.swift; path = LinePatternTests.swift; sourceTree = "<group>"; };
		FA8F9B602C438CB80004B88B /* GemView.swift */ = {isa = PBXFileReference; lastKnownFileType = sourcecode.swift; path = GemView.swift; sourceTree = "<group>"; };
		FA8F9B622C43C1990004B88B /* CirclePatternTests.swift */ = {isa = PBXFileReference; lastKnownFileType = sourcecode.swift; path = CirclePatternTests.swift; sourceTree = "<group>"; };
		FA8F9B642C4524FE0004B88B /* SpellContext.swift */ = {isa = PBXFileReference; lastKnownFileType = sourcecode.swift; path = SpellContext.swift; sourceTree = "<group>"; };
		FA8F9B662C4527AA0004B88B /* SpellCastSimulation.swift */ = {isa = PBXFileReference; lastKnownFileType = sourcecode.swift; path = SpellCastSimulation.swift; sourceTree = "<group>"; };
		FA9ABC8C2C54A238007BA24A /* CastResult.swift */ = {isa = PBXFileReference; lastKnownFileType = sourcecode.swift; path = CastResult.swift; sourceTree = "<group>"; };
		FA9ABC8E2C54B965007BA24A /* Gem.swift */ = {isa = PBXFileReference; lastKnownFileType = sourcecode.swift; path = Gem.swift; sourceTree = "<group>"; };
		FA9ABC902C55FAFF007BA24A /* GemInventoryView.swift */ = {isa = PBXFileReference; lastKnownFileType = sourcecode.swift; path = GemInventoryView.swift; sourceTree = "<group>"; };
		FA9ABC922C55FB1D007BA24A /* Inventory.swift */ = {isa = PBXFileReference; lastKnownFileType = sourcecode.swift; path = Inventory.swift; sourceTree = "<group>"; };
		FA9ABC952C560922007BA24A /* CircularButtonStyle.swift */ = {isa = PBXFileReference; lastKnownFileType = sourcecode.swift; path = CircularButtonStyle.swift; sourceTree = "<group>"; };
		FA9ABC972C5609B0007BA24A /* SpellTestViewModel.swift */ = {isa = PBXFileReference; lastKnownFileType = sourcecode.swift; path = SpellTestViewModel.swift; sourceTree = "<group>"; };
		FA9ABC992C56110A007BA24A /* SelectGemView.swift */ = {isa = PBXFileReference; lastKnownFileType = sourcecode.swift; path = SelectGemView.swift; sourceTree = "<group>"; };
		FA9ABC9B2C56120D007BA24A /* SelectGemViewModel.swift */ = {isa = PBXFileReference; lastKnownFileType = sourcecode.swift; path = SelectGemViewModel.swift; sourceTree = "<group>"; };
		FA9ABCA32C5616BB007BA24A /* IOC.swift */ = {isa = PBXFileReference; fileEncoding = 4; lastKnownFileType = sourcecode.swift; path = IOC.swift; sourceTree = "<group>"; };
		FAACC6402C6A0BD3000BB21F /* EnergyType.swift */ = {isa = PBXFileReference; lastKnownFileType = sourcecode.swift; path = EnergyType.swift; sourceTree = "<group>"; };
		FAACC6422C6B361D000BB21F /* Vector2+Additions.swift */ = {isa = PBXFileReference; lastKnownFileType = sourcecode.swift; path = "Vector2+Additions.swift"; sourceTree = "<group>"; };
		FAACC6452C6B3716000BB21F /* Vector2Tests.swift */ = {isa = PBXFileReference; lastKnownFileType = sourcecode.swift; path = Vector2Tests.swift; sourceTree = "<group>"; };
		FAACC64F2C6F438E000BB21F /* SpellShape.swift */ = {isa = PBXFileReference; lastKnownFileType = sourcecode.swift; path = SpellShape.swift; sourceTree = "<group>"; };
		FAACC6512C6F4B28000BB21F /* SpellShapeMatcher.swift */ = {isa = PBXFileReference; lastKnownFileType = sourcecode.swift; path = SpellShapeMatcher.swift; sourceTree = "<group>"; };
		FAACC6542C6F4B85000BB21F /* SpellShapeMatcherTests.swift */ = {isa = PBXFileReference; lastKnownFileType = sourcecode.swift; path = SpellShapeMatcherTests.swift; sourceTree = "<group>"; };
		FAAE8CB12C798CA000B19CBD /* MainMenuView.swift */ = {isa = PBXFileReference; lastKnownFileType = sourcecode.swift; path = MainMenuView.swift; sourceTree = "<group>"; };
		FAAE8CB62C798F4500B19CBD /* MainMenuViewModel.swift */ = {isa = PBXFileReference; lastKnownFileType = sourcecode.swift; path = MainMenuViewModel.swift; sourceTree = "<group>"; };
		FAAE8CB92C7990A900B19CBD /* RootPath.swift */ = {isa = PBXFileReference; lastKnownFileType = sourcecode.swift; path = RootPath.swift; sourceTree = "<group>"; };
		FAAE8CBB2C79952400B19CBD /* SpellStore.swift */ = {isa = PBXFileReference; lastKnownFileType = sourcecode.swift; path = SpellStore.swift; sourceTree = "<group>"; };
		FAAE8CC12C79A05900B19CBD /* knitconfig.json */ = {isa = PBXFileReference; fileEncoding = 4; lastKnownFileType = text.json; path = knitconfig.json; sourceTree = "<group>"; };
		FAAE8CC32C79A07300B19CBD /* GoMetalAssembly.swift */ = {isa = PBXFileReference; lastKnownFileType = sourcecode.swift; path = GoMetalAssembly.swift; sourceTree = "<group>"; };
		FAAE8CCD2C79B1AF00B19CBD /* SpellListMenu.swift */ = {isa = PBXFileReference; lastKnownFileType = sourcecode.swift; path = SpellListMenu.swift; sourceTree = "<group>"; };
		FAAE8CD02C79B1D000B19CBD /* SpellListMenuViewModel.swift */ = {isa = PBXFileReference; lastKnownFileType = sourcecode.swift; path = SpellListMenuViewModel.swift; sourceTree = "<group>"; };
		FAC2292C2C4B33D7009498E1 /* PatternView.swift */ = {isa = PBXFileReference; lastKnownFileType = sourcecode.swift; path = PatternView.swift; sourceTree = "<group>"; };
		FAC2292E2C4B6460009498E1 /* SpellEnergy.swift */ = {isa = PBXFileReference; fileEncoding = 4; lastKnownFileType = sourcecode.swift; path = SpellEnergy.swift; sourceTree = "<group>"; };
		FAC229312C4B6469009498E1 /* ForceComponents.swift */ = {isa = PBXFileReference; lastKnownFileType = sourcecode.swift; path = ForceComponents.swift; sourceTree = "<group>"; };
		FAC73D9F2C7F09B0006BDE96 /* DeltaProvider.swift */ = {isa = PBXFileReference; lastKnownFileType = sourcecode.swift; path = DeltaProvider.swift; sourceTree = "<group>"; };
		FAC73DA22C8074D4006BDE96 /* ArenaLayoutView.swift */ = {isa = PBXFileReference; lastKnownFileType = sourcecode.swift; path = ArenaLayoutView.swift; sourceTree = "<group>"; };
		FAD929CC2C3D384400B86690 /* GoMetal.app */ = {isa = PBXFileReference; explicitFileType = wrapper.application; includeInIndex = 0; path = GoMetal.app; sourceTree = BUILT_PRODUCTS_DIR; };
		FAD929D32C3D384500B86690 /* Assets.xcassets */ = {isa = PBXFileReference; lastKnownFileType = folder.assetcatalog; path = Assets.xcassets; sourceTree = "<group>"; };
		FAD929D62C3D384500B86690 /* Preview Assets.xcassets */ = {isa = PBXFileReference; lastKnownFileType = folder.assetcatalog; path = "Preview Assets.xcassets"; sourceTree = "<group>"; };
		FAD929DF2C3D387200B86690 /* MetalView.swift */ = {isa = PBXFileReference; lastKnownFileType = sourcecode.swift; path = MetalView.swift; sourceTree = "<group>"; };
		FAD929E22C3D3B9100B86690 /* Shader1.metal */ = {isa = PBXFileReference; lastKnownFileType = sourcecode.metal; path = Shader1.metal; sourceTree = "<group>"; };
		FAD929E82C3D445E00B86690 /* ChildSizeReader.swift */ = {isa = PBXFileReference; lastKnownFileType = sourcecode.swift; path = ChildSizeReader.swift; sourceTree = "<group>"; };
		FAD929ED2C3E858F00B86690 /* SpellPattern.swift */ = {isa = PBXFileReference; lastKnownFileType = sourcecode.swift; path = SpellPattern.swift; sourceTree = "<group>"; };
		FAD929EF2C3E874700B86690 /* Math.swift */ = {isa = PBXFileReference; lastKnownFileType = sourcecode.swift; path = Math.swift; sourceTree = "<group>"; };
		FAD929F12C3E885800B86690 /* SpellTestView.swift */ = {isa = PBXFileReference; lastKnownFileType = sourcecode.swift; path = SpellTestView.swift; sourceTree = "<group>"; };
		FAD929F32C3E8AA800B86690 /* ActiveSpellView.swift */ = {isa = PBXFileReference; lastKnownFileType = sourcecode.swift; path = ActiveSpellView.swift; sourceTree = "<group>"; };
		FAD929F52C3E8F1900B86690 /* GemPositionEditView.swift */ = {isa = PBXFileReference; lastKnownFileType = sourcecode.swift; path = GemPositionEditView.swift; sourceTree = "<group>"; };
		FAD929F82C3E958700B86690 /* SpellCastService.swift */ = {isa = PBXFileReference; lastKnownFileType = sourcecode.swift; path = SpellCastService.swift; sourceTree = "<group>"; };
		FAD929FA2C3EA12600B86690 /* Spell.swift */ = {isa = PBXFileReference; lastKnownFileType = sourcecode.swift; path = Spell.swift; sourceTree = "<group>"; };
		FAD929FC2C3FD94900B86690 /* DirectionalFieldView.swift */ = {isa = PBXFileReference; lastKnownFileType = sourcecode.swift; path = DirectionalFieldView.swift; sourceTree = "<group>"; };
		FAD92A382C435D9900B86690 /* PatternProtocol.swift */ = {isa = PBXFileReference; lastKnownFileType = sourcecode.swift; path = PatternProtocol.swift; sourceTree = "<group>"; };
		FAD92A3A2C435E6500B86690 /* LinePattern.swift */ = {isa = PBXFileReference; lastKnownFileType = sourcecode.swift; path = LinePattern.swift; sourceTree = "<group>"; };
		FAD92A402C435F1000B86690 /* GoMetalTests.xctest */ = {isa = PBXFileReference; explicitFileType = wrapper.cfbundle; includeInIndex = 0; path = GoMetalTests.xctest; sourceTree = BUILT_PRODUCTS_DIR; };
		FAD92A4B2C435F6F00B86690 /* NormalizedSpaceTests.swift */ = {isa = PBXFileReference; lastKnownFileType = sourcecode.swift; path = NormalizedSpaceTests.swift; sourceTree = "<group>"; };
		FAD92A4D2C43617A00B86690 /* NormalizedSpace.swift */ = {isa = PBXFileReference; lastKnownFileType = sourcecode.swift; path = NormalizedSpace.swift; sourceTree = "<group>"; };
/* End PBXFileReference section */

/* Begin PBXFrameworksBuildPhase section */
		FAD929C92C3D384400B86690 /* Frameworks */ = {
			isa = PBXFrameworksBuildPhase;
			buildActionMask = 2147483647;
			files = (
				FAAE8CB52C798EC400B19CBD /* ASKDesignSystem in Frameworks */,
				FA8F9B5E2C436E960004B88B /* VectorMath in Frameworks */,
				FAAE8CBF2C799F4700B19CBD /* Knit in Frameworks */,
				FAAE8CCA2C79A84C00B19CBD /* ASKCore in Frameworks */,
			);
			runOnlyForDeploymentPostprocessing = 0;
		};
		FAD92A3D2C435F1000B86690 /* Frameworks */ = {
			isa = PBXFrameworksBuildPhase;
			buildActionMask = 2147483647;
			files = (
			);
			runOnlyForDeploymentPostprocessing = 0;
		};
/* End PBXFrameworksBuildPhase section */

/* Begin PBXGroup section */
		FA34DAF72C4A4CF400B5CDC9 /* Store */ = {
			isa = PBXGroup;
			children = (
				FA34DAF82C4A4CFF00B5CDC9 /* MainStore.swift */,
				FAAE8CBB2C79952400B19CBD /* SpellStore.swift */,
			);
			path = Store;
			sourceTree = "<group>";
		};
		FA34DAFA2C4A4DB700B5CDC9 /* App */ = {
			isa = PBXGroup;
			children = (
				FA9ABCA32C5616BB007BA24A /* IOC.swift */,
				FAAE8CC32C79A07300B19CBD /* GoMetalAssembly.swift */,
			);
			path = App;
			sourceTree = "<group>";
		};
		FA34DB072C4A52C300B5CDC9 /* App */ = {
			isa = PBXGroup;
			children = (
				FA34DB052C4A52C300B5CDC9 /* ContentView.swift */,
				FA34DB062C4A52C300B5CDC9 /* GoMetalApp.swift */,
			);
			path = App;
			sourceTree = "<group>";
		};
		FA51A4672C7AA7110094C320 /* Battle */ = {
			isa = PBXGroup;
			children = (
				FA51A4682C7AA71A0094C320 /* BattleTestView.swift */,
				FA51A46B2C7AA72C0094C320 /* BattleTestViewModel.swift */,
				FAC73DA22C8074D4006BDE96 /* ArenaLayoutView.swift */,
				FA044CEC2C82928000CFC0EA /* BattleParticlesView.swift */,
			);
			path = Battle;
			sourceTree = "<group>";
		};
		FA51A46D2C7AB4720094C320 /* Battle */ = {
			isa = PBXGroup;
			children = (
				FA51A4712C7AD36B0094C320 /* Battle.swift */,
				FA51A4732C7AD3940094C320 /* Caster.swift */,
				FA044CE92C82880E00CFC0EA /* BattleParticle.swift */,
			);
			path = Battle;
			sourceTree = "<group>";
		};
		FA51A4752C7AD41B0094C320 /* Battle */ = {
			isa = PBXGroup;
			children = (
				FA51A4762C7AD4680094C320 /* BattleSimulationFactory.swift */,
				FA51A4782C7AD4A60094C320 /* BattleSimulation.swift */,
			);
			path = Battle;
			sourceTree = "<group>";
		};
		FA8F9B5C2C436E960004B88B /* Frameworks */ = {
			isa = PBXGroup;
			children = (
			);
			name = Frameworks;
			sourceTree = "<group>";
		};
		FA8F9B5F2C438CA20004B88B /* Gem */ = {
			isa = PBXGroup;
			children = (
				FA8F9B602C438CB80004B88B /* GemView.swift */,
				FA9ABC902C55FAFF007BA24A /* GemInventoryView.swift */,
				FA9ABC992C56110A007BA24A /* SelectGemView.swift */,
				FA9ABC9B2C56120D007BA24A /* SelectGemViewModel.swift */,
			);
			path = Gem;
			sourceTree = "<group>";
		};
		FA9ABC942C56091A007BA24A /* DesignSystem */ = {
			isa = PBXGroup;
			children = (
				FA9ABC952C560922007BA24A /* CircularButtonStyle.swift */,
			);
			path = DesignSystem;
			sourceTree = "<group>";
		};
		FAACC63F2C6A0BCE000BB21F /* Energy */ = {
			isa = PBXGroup;
			children = (
				FAACC6402C6A0BD3000BB21F /* EnergyType.swift */,
			);
			path = Energy;
			sourceTree = "<group>";
		};
		FAACC6442C6B3710000BB21F /* Util */ = {
			isa = PBXGroup;
			children = (
				FAACC6452C6B3716000BB21F /* Vector2Tests.swift */,
			);
			path = Util;
			sourceTree = "<group>";
		};
		FAACC64E2C6F4357000BB21F /* SpellOutput */ = {
			isa = PBXGroup;
			children = (
				FAACC64F2C6F438E000BB21F /* SpellShape.swift */,
			);
			path = SpellOutput;
			sourceTree = "<group>";
		};
		FAACC6532C6F4B40000BB21F /* Service */ = {
			isa = PBXGroup;
			children = (
				FAACC6542C6F4B85000BB21F /* SpellShapeMatcherTests.swift */,
			);
			path = Service;
			sourceTree = "<group>";
		};
		FAAE8CB02C798C9300B19CBD /* Menu */ = {
			isa = PBXGroup;
			children = (
				FAAE8CB12C798CA000B19CBD /* MainMenuView.swift */,
				FAAE8CB62C798F4500B19CBD /* MainMenuViewModel.swift */,
				FAAE8CCD2C79B1AF00B19CBD /* SpellListMenu.swift */,
				FAAE8CD02C79B1D000B19CBD /* SpellListMenuViewModel.swift */,
			);
			path = Menu;
			sourceTree = "<group>";
		};
		FAAE8CB82C79907800B19CBD /* Coordinator */ = {
			isa = PBXGroup;
			children = (
				FAAE8CB92C7990A900B19CBD /* RootPath.swift */,
			);
			path = Coordinator;
			sourceTree = "<group>";
		};
		FAC2292F2C4B6460009498E1 /* Cast */ = {
			isa = PBXGroup;
			children = (
				FAC2292E2C4B6460009498E1 /* SpellEnergy.swift */,
				FAC229312C4B6469009498E1 /* ForceComponents.swift */,
				FA9ABC8C2C54A238007BA24A /* CastResult.swift */,
			);
			path = Cast;
			sourceTree = "<group>";
		};
		FAD929C32C3D384400B86690 = {
			isa = PBXGroup;
			children = (
				FAAE8CC12C79A05900B19CBD /* knitconfig.json */,
				FAD929CE2C3D384400B86690 /* GoMetal */,
				FAD92A412C435F1000B86690 /* GoMetalTests */,
				FAD929CD2C3D384400B86690 /* Products */,
				FA8F9B5C2C436E960004B88B /* Frameworks */,
			);
			sourceTree = "<group>";
		};
		FAD929CD2C3D384400B86690 /* Products */ = {
			isa = PBXGroup;
			children = (
				FAD929CC2C3D384400B86690 /* GoMetal.app */,
				FAD92A402C435F1000B86690 /* GoMetalTests.xctest */,
			);
			name = Products;
			sourceTree = "<group>";
		};
		FAD929CE2C3D384400B86690 /* GoMetal */ = {
			isa = PBXGroup;
			children = (
				FAAE8CB82C79907800B19CBD /* Coordinator */,
				FA9ABC942C56091A007BA24A /* DesignSystem */,
				FA34DAF72C4A4CF400B5CDC9 /* Store */,
				FAD929F72C3E957F00B86690 /* Service */,
				FAD929EA2C3E84DC00B86690 /* Model */,
				FAD929E72C3D445600B86690 /* Util */,
				FAD929DE2C3D386B00B86690 /* Scene */,
				FAD929D32C3D384500B86690 /* Assets.xcassets */,
				FAD929D52C3D384500B86690 /* Preview Content */,
			);
			path = GoMetal;
			sourceTree = "<group>";
		};
		FAD929D52C3D384500B86690 /* Preview Content */ = {
			isa = PBXGroup;
			children = (
				FAD929D62C3D384500B86690 /* Preview Assets.xcassets */,
			);
			path = "Preview Content";
			sourceTree = "<group>";
		};
		FAD929DD2C3D386B00B86690 /* Metal */ = {
			isa = PBXGroup;
			children = (
				FAD929DF2C3D387200B86690 /* MetalView.swift */,
			);
			path = Metal;
			sourceTree = "<group>";
		};
		FAD929DE2C3D386B00B86690 /* Scene */ = {
			isa = PBXGroup;
			children = (
				FA51A4672C7AA7110094C320 /* Battle */,
				FAAE8CB02C798C9300B19CBD /* Menu */,
				FA34DB072C4A52C300B5CDC9 /* App */,
				FA8F9B5F2C438CA20004B88B /* Gem */,
				FAD929E42C3D429B00B86690 /* Magic */,
				FAD929E12C3D3B7000B86690 /* Shader */,
				FAD929DD2C3D386B00B86690 /* Metal */,
			);
			path = Scene;
			sourceTree = "<group>";
		};
		FAD929E12C3D3B7000B86690 /* Shader */ = {
			isa = PBXGroup;
			children = (
				FAD929E22C3D3B9100B86690 /* Shader1.metal */,
			);
			path = Shader;
			sourceTree = "<group>";
		};
		FAD929E42C3D429B00B86690 /* Magic */ = {
			isa = PBXGroup;
			children = (
				FAD929F12C3E885800B86690 /* SpellTestView.swift */,
				FA9ABC972C5609B0007BA24A /* SpellTestViewModel.swift */,
				FAD929F32C3E8AA800B86690 /* ActiveSpellView.swift */,
				FAD929F52C3E8F1900B86690 /* GemPositionEditView.swift */,
				FAD929FC2C3FD94900B86690 /* DirectionalFieldView.swift */,
				FAC2292C2C4B33D7009498E1 /* PatternView.swift */,
			);
			path = Magic;
			sourceTree = "<group>";
		};
		FAD929E72C3D445600B86690 /* Util */ = {
			isa = PBXGroup;
			children = (
				FAD929E82C3D445E00B86690 /* ChildSizeReader.swift */,
				FAD929EF2C3E874700B86690 /* Math.swift */,
				FAACC6422C6B361D000BB21F /* Vector2+Additions.swift */,
				FAC73D9F2C7F09B0006BDE96 /* DeltaProvider.swift */,
			);
			path = Util;
			sourceTree = "<group>";
		};
		FAD929EA2C3E84DC00B86690 /* Model */ = {
			isa = PBXGroup;
			children = (
				FA51A46D2C7AB4720094C320 /* Battle */,
				FAACC64E2C6F4357000BB21F /* SpellOutput */,
				FAACC63F2C6A0BCE000BB21F /* Energy */,
				FAC2292F2C4B6460009498E1 /* Cast */,
				FAD92A372C435D9200B86690 /* Pattern */,
				FAD929ED2C3E858F00B86690 /* SpellPattern.swift */,
				FAD929FA2C3EA12600B86690 /* Spell.swift */,
				FA8F9B642C4524FE0004B88B /* SpellContext.swift */,
				FA9ABC8E2C54B965007BA24A /* Gem.swift */,
				FA9ABC922C55FB1D007BA24A /* Inventory.swift */,
			);
			path = Model;
			sourceTree = "<group>";
		};
		FAD929F72C3E957F00B86690 /* Service */ = {
			isa = PBXGroup;
			children = (
				FA51A4752C7AD41B0094C320 /* Battle */,
				FA34DAFA2C4A4DB700B5CDC9 /* App */,
				FAD929F82C3E958700B86690 /* SpellCastService.swift */,
				FA8F9B662C4527AA0004B88B /* SpellCastSimulation.swift */,
				FAACC6512C6F4B28000BB21F /* SpellShapeMatcher.swift */,
			);
			path = Service;
			sourceTree = "<group>";
		};
		FAD92A372C435D9200B86690 /* Pattern */ = {
			isa = PBXGroup;
			children = (
				FAD92A382C435D9900B86690 /* PatternProtocol.swift */,
				FAD92A3A2C435E6500B86690 /* LinePattern.swift */,
				FA8F9B572C4365600004B88B /* CirclePattern.swift */,
				FAD92A4D2C43617A00B86690 /* NormalizedSpace.swift */,
			);
			path = Pattern;
			sourceTree = "<group>";
		};
		FAD92A412C435F1000B86690 /* GoMetalTests */ = {
			isa = PBXGroup;
			children = (
				FAD92A4A2C435F1F00B86690 /* Model */,
				FAACC6532C6F4B40000BB21F /* Service */,
				FAACC6442C6B3710000BB21F /* Util */,
			);
			path = GoMetalTests;
			sourceTree = "<group>";
		};
		FAD92A492C435F1F00B86690 /* Pattern */ = {
			isa = PBXGroup;
			children = (
				FAD92A4B2C435F6F00B86690 /* NormalizedSpaceTests.swift */,
				FA8F9B592C436A560004B88B /* LinePatternTests.swift */,
				FA8F9B622C43C1990004B88B /* CirclePatternTests.swift */,
			);
			path = Pattern;
			sourceTree = "<group>";
		};
		FAD92A4A2C435F1F00B86690 /* Model */ = {
			isa = PBXGroup;
			children = (
				FAD92A492C435F1F00B86690 /* Pattern */,
			);
			path = Model;
			sourceTree = "<group>";
		};
/* End PBXGroup section */

/* Begin PBXNativeTarget section */
		FAD929CB2C3D384400B86690 /* GoMetal */ = {
			isa = PBXNativeTarget;
			buildConfigurationList = FAD929DA2C3D384500B86690 /* Build configuration list for PBXNativeTarget "GoMetal" */;
			buildPhases = (
				FAD929C82C3D384400B86690 /* Sources */,
				FAD929C92C3D384400B86690 /* Frameworks */,
				FAD929CA2C3D384400B86690 /* Resources */,
			);
			buildRules = (
			);
			dependencies = (
				FAAE8CC62C79A16D00B19CBD /* PBXTargetDependency */,
			);
			name = GoMetal;
			packageProductDependencies = (
				FA8F9B5D2C436E960004B88B /* VectorMath */,
				FAAE8CB42C798EC400B19CBD /* ASKDesignSystem */,
				FAAE8CBE2C799F4700B19CBD /* Knit */,
				FAAE8CC92C79A84C00B19CBD /* ASKCore */,
			);
			productName = GoMetal;
			productReference = FAD929CC2C3D384400B86690 /* GoMetal.app */;
			productType = "com.apple.product-type.application";
		};
		FAD92A3F2C435F1000B86690 /* GoMetalTests */ = {
			isa = PBXNativeTarget;
			buildConfigurationList = FAD92A462C435F1000B86690 /* Build configuration list for PBXNativeTarget "GoMetalTests" */;
			buildPhases = (
				FAD92A3C2C435F1000B86690 /* Sources */,
				FAD92A3D2C435F1000B86690 /* Frameworks */,
				FAD92A3E2C435F1000B86690 /* Resources */,
			);
			buildRules = (
			);
			dependencies = (
				FAD92A452C435F1000B86690 /* PBXTargetDependency */,
			);
			name = GoMetalTests;
			productName = GoMetalTests;
			productReference = FAD92A402C435F1000B86690 /* GoMetalTests.xctest */;
			productType = "com.apple.product-type.bundle.unit-test";
		};
/* End PBXNativeTarget section */

/* Begin PBXProject section */
		FAD929C42C3D384400B86690 /* Project object */ = {
			isa = PBXProject;
			attributes = {
				BuildIndependentTargetsInParallel = 1;
				LastSwiftUpdateCheck = 1540;
				LastUpgradeCheck = 1540;
				TargetAttributes = {
					FAD929CB2C3D384400B86690 = {
						CreatedOnToolsVersion = 15.4;
					};
					FAD92A3F2C435F1000B86690 = {
						CreatedOnToolsVersion = 15.4;
						LastSwiftMigration = 1540;
						TestTargetID = FAD929CB2C3D384400B86690;
					};
				};
			};
			buildConfigurationList = FAD929C72C3D384400B86690 /* Build configuration list for PBXProject "GoMetal" */;
			compatibilityVersion = "Xcode 14.0";
			developmentRegion = en;
			hasScannedForEncodings = 0;
			knownRegions = (
				en,
				Base,
			);
			mainGroup = FAD929C32C3D384400B86690;
			packageReferences = (
				FA8F9B5B2C436E760004B88B /* XCRemoteSwiftPackageReference "VectorMath" */,
				FAAE8CB32C798EC400B19CBD /* XCLocalSwiftPackageReference "Frameworks/ASKDesignSystem" */,
				FAAE8CBD2C799F4700B19CBD /* XCLocalSwiftPackageReference "Frameworks/knit" */,
				FAAE8CC02C799F7D00B19CBD /* XCLocalSwiftPackageReference "Frameworks/knit/CLI" */,
				FAAE8CC82C79A84C00B19CBD /* XCLocalSwiftPackageReference "Frameworks/ASKCore" */,
			);
			productRefGroup = FAD929CD2C3D384400B86690 /* Products */;
			projectDirPath = "";
			projectRoot = "";
			targets = (
				FAD929CB2C3D384400B86690 /* GoMetal */,
				FAD92A3F2C435F1000B86690 /* GoMetalTests */,
			);
		};
/* End PBXProject section */

/* Begin PBXResourcesBuildPhase section */
		FAD929CA2C3D384400B86690 /* Resources */ = {
			isa = PBXResourcesBuildPhase;
			buildActionMask = 2147483647;
			files = (
				FAAE8CC22C79A05900B19CBD /* knitconfig.json in Resources */,
				FAD929D72C3D384500B86690 /* Preview Assets.xcassets in Resources */,
				FAD929D42C3D384500B86690 /* Assets.xcassets in Resources */,
			);
			runOnlyForDeploymentPostprocessing = 0;
		};
		FAD92A3E2C435F1000B86690 /* Resources */ = {
			isa = PBXResourcesBuildPhase;
			buildActionMask = 2147483647;
			files = (
			);
			runOnlyForDeploymentPostprocessing = 0;
		};
/* End PBXResourcesBuildPhase section */

/* Begin PBXSourcesBuildPhase section */
		FAD929C82C3D384400B86690 /* Sources */ = {
			isa = PBXSourcesBuildPhase;
			buildActionMask = 2147483647;
			files = (
				FAAE8CCE2C79B1AF00B19CBD /* SpellListMenu.swift in Sources */,
				FAAE8CB22C798CA000B19CBD /* MainMenuView.swift in Sources */,
				FA9ABC962C560922007BA24A /* CircularButtonStyle.swift in Sources */,
				FAAE8CBA2C7990A900B19CBD /* RootPath.swift in Sources */,
				FAACC6432C6B361D000BB21F /* Vector2+Additions.swift in Sources */,
				FAACC6502C6F438E000BB21F /* SpellShape.swift in Sources */,
				FA51A46C2C7AA72C0094C320 /* BattleTestViewModel.swift in Sources */,
				FA9ABC982C5609B0007BA24A /* SpellTestViewModel.swift in Sources */,
				FA044CED2C82928000CFC0EA /* BattleParticlesView.swift in Sources */,
				FA9ABC9A2C56110A007BA24A /* SelectGemView.swift in Sources */,
				FAAE8CD12C79B1D000B19CBD /* SpellListMenuViewModel.swift in Sources */,
				FA9ABC912C55FAFF007BA24A /* GemInventoryView.swift in Sources */,
				FAAE8CBC2C79952400B19CBD /* SpellStore.swift in Sources */,
				FA8F9B582C4365600004B88B /* CirclePattern.swift in Sources */,
				FAD929E92C3D445E00B86690 /* ChildSizeReader.swift in Sources */,
				FAAE8CC42C79A07300B19CBD /* GoMetalAssembly.swift in Sources */,
				FA8F9B652C4524FE0004B88B /* SpellContext.swift in Sources */,
				FA51A4792C7AD4A60094C320 /* BattleSimulation.swift in Sources */,
				FAACC6412C6A0BD3000BB21F /* EnergyType.swift in Sources */,
				FA9ABC8D2C54A238007BA24A /* CastResult.swift in Sources */,
				FAC73DA02C7F09B0006BDE96 /* DeltaProvider.swift in Sources */,
				FA51A4742C7AD3940094C320 /* Caster.swift in Sources */,
				FAD929F92C3E958700B86690 /* SpellCastService.swift in Sources */,
				FAD92A3B2C435E6500B86690 /* LinePattern.swift in Sources */,
				FAC2292D2C4B33D7009498E1 /* PatternView.swift in Sources */,
				FAD929FD2C3FD94900B86690 /* DirectionalFieldView.swift in Sources */,
				FAD92A392C435D9900B86690 /* PatternProtocol.swift in Sources */,
				FA8F9B612C438CB80004B88B /* GemView.swift in Sources */,
				FA34DB092C4A52C300B5CDC9 /* GoMetalApp.swift in Sources */,
				FA34DAF92C4A4CFF00B5CDC9 /* MainStore.swift in Sources */,
				FAD929E02C3D387200B86690 /* MetalView.swift in Sources */,
				FAC229322C4B6469009498E1 /* ForceComponents.swift in Sources */,
				FA8F9B672C4527AA0004B88B /* SpellCastSimulation.swift in Sources */,
				FA51A4772C7AD4680094C320 /* BattleSimulationFactory.swift in Sources */,
				FAD929F02C3E874700B86690 /* Math.swift in Sources */,
				FA9ABC9C2C56120D007BA24A /* SelectGemViewModel.swift in Sources */,
				FA34DB082C4A52C300B5CDC9 /* ContentView.swift in Sources */,
				FA9ABC932C55FB1D007BA24A /* Inventory.swift in Sources */,
				FAACC6522C6F4B28000BB21F /* SpellShapeMatcher.swift in Sources */,
				FA51A4722C7AD36B0094C320 /* Battle.swift in Sources */,
				FAD929EE2C3E858F00B86690 /* SpellPattern.swift in Sources */,
				FAD92A4E2C43617A00B86690 /* NormalizedSpace.swift in Sources */,
				FAD929E32C3D3B9100B86690 /* Shader1.metal in Sources */,
				FAD929F42C3E8AA800B86690 /* ActiveSpellView.swift in Sources */,
				FA51A4692C7AA71A0094C320 /* BattleTestView.swift in Sources */,
				FAD929F62C3E8F1900B86690 /* GemPositionEditView.swift in Sources */,
				FA9ABCA42C5616BB007BA24A /* IOC.swift in Sources */,
				FAD929FB2C3EA12600B86690 /* Spell.swift in Sources */,
				FAAE8CB72C798F4500B19CBD /* MainMenuViewModel.swift in Sources */,
				FAC229302C4B6460009498E1 /* SpellEnergy.swift in Sources */,
				FAD929F22C3E885800B86690 /* SpellTestView.swift in Sources */,
				FA044CEA2C82880E00CFC0EA /* BattleParticle.swift in Sources */,
				FA9ABC8F2C54B965007BA24A /* Gem.swift in Sources */,
				FAC73DA32C8074D4006BDE96 /* ArenaLayoutView.swift in Sources */,
			);
			runOnlyForDeploymentPostprocessing = 0;
		};
		FAD92A3C2C435F1000B86690 /* Sources */ = {
			isa = PBXSourcesBuildPhase;
			buildActionMask = 2147483647;
			files = (
				FAACC6552C6F4B85000BB21F /* SpellShapeMatcherTests.swift in Sources */,
				FA8F9B5A2C436A560004B88B /* LinePatternTests.swift in Sources */,
				FAACC6462C6B3716000BB21F /* Vector2Tests.swift in Sources */,
				FAD92A4C2C435F6F00B86690 /* NormalizedSpaceTests.swift in Sources */,
				FA8F9B632C43C1990004B88B /* CirclePatternTests.swift in Sources */,
			);
			runOnlyForDeploymentPostprocessing = 0;
		};
/* End PBXSourcesBuildPhase section */

/* Begin PBXTargetDependency section */
		FAAE8CC62C79A16D00B19CBD /* PBXTargetDependency */ = {
			isa = PBXTargetDependency;
			productRef = FAAE8CC52C79A16D00B19CBD /* KnitBuildPlugin */;
		};
		FAD92A452C435F1000B86690 /* PBXTargetDependency */ = {
			isa = PBXTargetDependency;
			target = FAD929CB2C3D384400B86690 /* GoMetal */;
			targetProxy = FAD92A442C435F1000B86690 /* PBXContainerItemProxy */;
		};
/* End PBXTargetDependency section */

/* Begin XCBuildConfiguration section */
		FAD929D82C3D384500B86690 /* Debug */ = {
			isa = XCBuildConfiguration;
			buildSettings = {
				ALWAYS_SEARCH_USER_PATHS = NO;
				ASSETCATALOG_COMPILER_GENERATE_SWIFT_ASSET_SYMBOL_EXTENSIONS = YES;
				CLANG_ANALYZER_NONNULL = YES;
				CLANG_ANALYZER_NUMBER_OBJECT_CONVERSION = YES_AGGRESSIVE;
				CLANG_CXX_LANGUAGE_STANDARD = "gnu++20";
				CLANG_ENABLE_MODULES = YES;
				CLANG_ENABLE_OBJC_ARC = YES;
				CLANG_ENABLE_OBJC_WEAK = YES;
				CLANG_WARN_BLOCK_CAPTURE_AUTORELEASING = YES;
				CLANG_WARN_BOOL_CONVERSION = YES;
				CLANG_WARN_COMMA = YES;
				CLANG_WARN_CONSTANT_CONVERSION = YES;
				CLANG_WARN_DEPRECATED_OBJC_IMPLEMENTATIONS = YES;
				CLANG_WARN_DIRECT_OBJC_ISA_USAGE = YES_ERROR;
				CLANG_WARN_DOCUMENTATION_COMMENTS = YES;
				CLANG_WARN_EMPTY_BODY = YES;
				CLANG_WARN_ENUM_CONVERSION = YES;
				CLANG_WARN_INFINITE_RECURSION = YES;
				CLANG_WARN_INT_CONVERSION = YES;
				CLANG_WARN_NON_LITERAL_NULL_CONVERSION = YES;
				CLANG_WARN_OBJC_IMPLICIT_RETAIN_SELF = YES;
				CLANG_WARN_OBJC_LITERAL_CONVERSION = YES;
				CLANG_WARN_OBJC_ROOT_CLASS = YES_ERROR;
				CLANG_WARN_QUOTED_INCLUDE_IN_FRAMEWORK_HEADER = YES;
				CLANG_WARN_RANGE_LOOP_ANALYSIS = YES;
				CLANG_WARN_STRICT_PROTOTYPES = YES;
				CLANG_WARN_SUSPICIOUS_MOVE = YES;
				CLANG_WARN_UNGUARDED_AVAILABILITY = YES_AGGRESSIVE;
				CLANG_WARN_UNREACHABLE_CODE = YES;
				CLANG_WARN__DUPLICATE_METHOD_MATCH = YES;
				COPY_PHASE_STRIP = NO;
				DEBUG_INFORMATION_FORMAT = dwarf;
				ENABLE_STRICT_OBJC_MSGSEND = YES;
				ENABLE_TESTABILITY = YES;
				ENABLE_USER_SCRIPT_SANDBOXING = YES;
				GCC_C_LANGUAGE_STANDARD = gnu17;
				GCC_DYNAMIC_NO_PIC = NO;
				GCC_NO_COMMON_BLOCKS = YES;
				GCC_OPTIMIZATION_LEVEL = 0;
				GCC_PREPROCESSOR_DEFINITIONS = (
					"DEBUG=1",
					"$(inherited)",
				);
				GCC_WARN_64_TO_32_BIT_CONVERSION = YES;
				GCC_WARN_ABOUT_RETURN_TYPE = YES_ERROR;
				GCC_WARN_UNDECLARED_SELECTOR = YES;
				GCC_WARN_UNINITIALIZED_AUTOS = YES_AGGRESSIVE;
				GCC_WARN_UNUSED_FUNCTION = YES;
				GCC_WARN_UNUSED_VARIABLE = YES;
				IPHONEOS_DEPLOYMENT_TARGET = 17.5;
				LOCALIZATION_PREFERS_STRING_CATALOGS = YES;
				MTL_ENABLE_DEBUG_INFO = INCLUDE_SOURCE;
				MTL_FAST_MATH = YES;
				ONLY_ACTIVE_ARCH = YES;
				SDKROOT = iphoneos;
				SWIFT_ACTIVE_COMPILATION_CONDITIONS = "DEBUG $(inherited)";
				SWIFT_OPTIMIZATION_LEVEL = "-Onone";
			};
			name = Debug;
		};
		FAD929D92C3D384500B86690 /* Release */ = {
			isa = XCBuildConfiguration;
			buildSettings = {
				ALWAYS_SEARCH_USER_PATHS = NO;
				ASSETCATALOG_COMPILER_GENERATE_SWIFT_ASSET_SYMBOL_EXTENSIONS = YES;
				CLANG_ANALYZER_NONNULL = YES;
				CLANG_ANALYZER_NUMBER_OBJECT_CONVERSION = YES_AGGRESSIVE;
				CLANG_CXX_LANGUAGE_STANDARD = "gnu++20";
				CLANG_ENABLE_MODULES = YES;
				CLANG_ENABLE_OBJC_ARC = YES;
				CLANG_ENABLE_OBJC_WEAK = YES;
				CLANG_WARN_BLOCK_CAPTURE_AUTORELEASING = YES;
				CLANG_WARN_BOOL_CONVERSION = YES;
				CLANG_WARN_COMMA = YES;
				CLANG_WARN_CONSTANT_CONVERSION = YES;
				CLANG_WARN_DEPRECATED_OBJC_IMPLEMENTATIONS = YES;
				CLANG_WARN_DIRECT_OBJC_ISA_USAGE = YES_ERROR;
				CLANG_WARN_DOCUMENTATION_COMMENTS = YES;
				CLANG_WARN_EMPTY_BODY = YES;
				CLANG_WARN_ENUM_CONVERSION = YES;
				CLANG_WARN_INFINITE_RECURSION = YES;
				CLANG_WARN_INT_CONVERSION = YES;
				CLANG_WARN_NON_LITERAL_NULL_CONVERSION = YES;
				CLANG_WARN_OBJC_IMPLICIT_RETAIN_SELF = YES;
				CLANG_WARN_OBJC_LITERAL_CONVERSION = YES;
				CLANG_WARN_OBJC_ROOT_CLASS = YES_ERROR;
				CLANG_WARN_QUOTED_INCLUDE_IN_FRAMEWORK_HEADER = YES;
				CLANG_WARN_RANGE_LOOP_ANALYSIS = YES;
				CLANG_WARN_STRICT_PROTOTYPES = YES;
				CLANG_WARN_SUSPICIOUS_MOVE = YES;
				CLANG_WARN_UNGUARDED_AVAILABILITY = YES_AGGRESSIVE;
				CLANG_WARN_UNREACHABLE_CODE = YES;
				CLANG_WARN__DUPLICATE_METHOD_MATCH = YES;
				COPY_PHASE_STRIP = NO;
				DEBUG_INFORMATION_FORMAT = "dwarf-with-dsym";
				ENABLE_NS_ASSERTIONS = NO;
				ENABLE_STRICT_OBJC_MSGSEND = YES;
				ENABLE_USER_SCRIPT_SANDBOXING = YES;
				GCC_C_LANGUAGE_STANDARD = gnu17;
				GCC_NO_COMMON_BLOCKS = YES;
				GCC_WARN_64_TO_32_BIT_CONVERSION = YES;
				GCC_WARN_ABOUT_RETURN_TYPE = YES_ERROR;
				GCC_WARN_UNDECLARED_SELECTOR = YES;
				GCC_WARN_UNINITIALIZED_AUTOS = YES_AGGRESSIVE;
				GCC_WARN_UNUSED_FUNCTION = YES;
				GCC_WARN_UNUSED_VARIABLE = YES;
				IPHONEOS_DEPLOYMENT_TARGET = 17.5;
				LOCALIZATION_PREFERS_STRING_CATALOGS = YES;
				MTL_ENABLE_DEBUG_INFO = NO;
				MTL_FAST_MATH = YES;
				SDKROOT = iphoneos;
				SWIFT_COMPILATION_MODE = wholemodule;
				VALIDATE_PRODUCT = YES;
			};
			name = Release;
		};
		FAD929DB2C3D384500B86690 /* Debug */ = {
			isa = XCBuildConfiguration;
			buildSettings = {
				ASSETCATALOG_COMPILER_APPICON_NAME = AppIcon;
				ASSETCATALOG_COMPILER_GLOBAL_ACCENT_COLOR_NAME = AccentColor;
				CODE_SIGN_STYLE = Automatic;
				CURRENT_PROJECT_VERSION = 1;
				DEVELOPMENT_ASSET_PATHS = "\"GoMetal/Preview Content\"";
				DEVELOPMENT_TEAM = X4S6MUZL2D;
				ENABLE_PREVIEWS = YES;
				GENERATE_INFOPLIST_FILE = YES;
				INFOPLIST_KEY_UIApplicationSceneManifest_Generation = YES;
				INFOPLIST_KEY_UIApplicationSupportsIndirectInputEvents = YES;
				INFOPLIST_KEY_UILaunchScreen_Generation = YES;
				INFOPLIST_KEY_UISupportedInterfaceOrientations_iPad = "UIInterfaceOrientationPortrait UIInterfaceOrientationPortraitUpsideDown UIInterfaceOrientationLandscapeLeft UIInterfaceOrientationLandscapeRight";
				INFOPLIST_KEY_UISupportedInterfaceOrientations_iPhone = "UIInterfaceOrientationPortrait UIInterfaceOrientationLandscapeLeft UIInterfaceOrientationLandscapeRight";
				LD_RUNPATH_SEARCH_PATHS = (
					"$(inherited)",
					"@executable_path/Frameworks",
				);
				MARKETING_VERSION = 1.0;
				PRODUCT_BUNDLE_IDENTIFIER = com.skorulis.GoMetal;
				PRODUCT_NAME = "$(TARGET_NAME)";
				SWIFT_EMIT_LOC_STRINGS = YES;
				SWIFT_VERSION = 5.0;
				TARGETED_DEVICE_FAMILY = "1,2";
			};
			name = Debug;
		};
		FAD929DC2C3D384500B86690 /* Release */ = {
			isa = XCBuildConfiguration;
			buildSettings = {
				ASSETCATALOG_COMPILER_APPICON_NAME = AppIcon;
				ASSETCATALOG_COMPILER_GLOBAL_ACCENT_COLOR_NAME = AccentColor;
				CODE_SIGN_STYLE = Automatic;
				CURRENT_PROJECT_VERSION = 1;
				DEVELOPMENT_ASSET_PATHS = "\"GoMetal/Preview Content\"";
				DEVELOPMENT_TEAM = X4S6MUZL2D;
				ENABLE_PREVIEWS = YES;
				GENERATE_INFOPLIST_FILE = YES;
				INFOPLIST_KEY_UIApplicationSceneManifest_Generation = YES;
				INFOPLIST_KEY_UIApplicationSupportsIndirectInputEvents = YES;
				INFOPLIST_KEY_UILaunchScreen_Generation = YES;
				INFOPLIST_KEY_UISupportedInterfaceOrientations_iPad = "UIInterfaceOrientationPortrait UIInterfaceOrientationPortraitUpsideDown UIInterfaceOrientationLandscapeLeft UIInterfaceOrientationLandscapeRight";
				INFOPLIST_KEY_UISupportedInterfaceOrientations_iPhone = "UIInterfaceOrientationPortrait UIInterfaceOrientationLandscapeLeft UIInterfaceOrientationLandscapeRight";
				LD_RUNPATH_SEARCH_PATHS = (
					"$(inherited)",
					"@executable_path/Frameworks",
				);
				MARKETING_VERSION = 1.0;
				PRODUCT_BUNDLE_IDENTIFIER = com.skorulis.GoMetal;
				PRODUCT_NAME = "$(TARGET_NAME)";
				SWIFT_EMIT_LOC_STRINGS = YES;
				SWIFT_VERSION = 5.0;
				TARGETED_DEVICE_FAMILY = "1,2";
			};
			name = Release;
		};
		FAD92A472C435F1000B86690 /* Debug */ = {
			isa = XCBuildConfiguration;
			buildSettings = {
				BUNDLE_LOADER = "$(TEST_HOST)";
				CLANG_ENABLE_MODULES = YES;
				CODE_SIGN_STYLE = Automatic;
				CURRENT_PROJECT_VERSION = 1;
				DEVELOPMENT_TEAM = X4S6MUZL2D;
				GENERATE_INFOPLIST_FILE = YES;
				MARKETING_VERSION = 1.0;
				PRODUCT_BUNDLE_IDENTIFIER = com.skorulis.GoMetalTests;
				PRODUCT_NAME = "$(TARGET_NAME)";
				SWIFT_EMIT_LOC_STRINGS = NO;
				SWIFT_OPTIMIZATION_LEVEL = "-Onone";
				SWIFT_VERSION = 5.0;
				TARGETED_DEVICE_FAMILY = "1,2";
				TEST_HOST = "$(BUILT_PRODUCTS_DIR)/GoMetal.app/$(BUNDLE_EXECUTABLE_FOLDER_PATH)/GoMetal";
			};
			name = Debug;
		};
		FAD92A482C435F1000B86690 /* Release */ = {
			isa = XCBuildConfiguration;
			buildSettings = {
				BUNDLE_LOADER = "$(TEST_HOST)";
				CLANG_ENABLE_MODULES = YES;
				CODE_SIGN_STYLE = Automatic;
				CURRENT_PROJECT_VERSION = 1;
				DEVELOPMENT_TEAM = X4S6MUZL2D;
				GENERATE_INFOPLIST_FILE = YES;
				MARKETING_VERSION = 1.0;
				PRODUCT_BUNDLE_IDENTIFIER = com.skorulis.GoMetalTests;
				PRODUCT_NAME = "$(TARGET_NAME)";
				SWIFT_EMIT_LOC_STRINGS = NO;
				SWIFT_VERSION = 5.0;
				TARGETED_DEVICE_FAMILY = "1,2";
				TEST_HOST = "$(BUILT_PRODUCTS_DIR)/GoMetal.app/$(BUNDLE_EXECUTABLE_FOLDER_PATH)/GoMetal";
			};
			name = Release;
		};
/* End XCBuildConfiguration section */

/* Begin XCConfigurationList section */
		FAD929C72C3D384400B86690 /* Build configuration list for PBXProject "GoMetal" */ = {
			isa = XCConfigurationList;
			buildConfigurations = (
				FAD929D82C3D384500B86690 /* Debug */,
				FAD929D92C3D384500B86690 /* Release */,
			);
			defaultConfigurationIsVisible = 0;
			defaultConfigurationName = Release;
		};
		FAD929DA2C3D384500B86690 /* Build configuration list for PBXNativeTarget "GoMetal" */ = {
			isa = XCConfigurationList;
			buildConfigurations = (
				FAD929DB2C3D384500B86690 /* Debug */,
				FAD929DC2C3D384500B86690 /* Release */,
			);
			defaultConfigurationIsVisible = 0;
			defaultConfigurationName = Release;
		};
		FAD92A462C435F1000B86690 /* Build configuration list for PBXNativeTarget "GoMetalTests" */ = {
			isa = XCConfigurationList;
			buildConfigurations = (
				FAD92A472C435F1000B86690 /* Debug */,
				FAD92A482C435F1000B86690 /* Release */,
			);
			defaultConfigurationIsVisible = 0;
			defaultConfigurationName = Release;
		};
/* End XCConfigurationList section */

/* Begin XCLocalSwiftPackageReference section */
		FAAE8CB32C798EC400B19CBD /* XCLocalSwiftPackageReference "Frameworks/ASKDesignSystem" */ = {
			isa = XCLocalSwiftPackageReference;
			relativePath = Frameworks/ASKDesignSystem;
		};
		FAAE8CBD2C799F4700B19CBD /* XCLocalSwiftPackageReference "Frameworks/knit" */ = {
			isa = XCLocalSwiftPackageReference;
			relativePath = Frameworks/knit;
		};
		FAAE8CC02C799F7D00B19CBD /* XCLocalSwiftPackageReference "Frameworks/knit/CLI" */ = {
			isa = XCLocalSwiftPackageReference;
			relativePath = Frameworks/knit/CLI;
		};
		FAAE8CC82C79A84C00B19CBD /* XCLocalSwiftPackageReference "Frameworks/ASKCore" */ = {
			isa = XCLocalSwiftPackageReference;
			relativePath = Frameworks/ASKCore;
		};
/* End XCLocalSwiftPackageReference section */

/* Begin XCRemoteSwiftPackageReference section */
		FA8F9B5B2C436E760004B88B /* XCRemoteSwiftPackageReference "VectorMath" */ = {
			isa = XCRemoteSwiftPackageReference;
			repositoryURL = "git@github.com:nicklockwood/VectorMath.git";
			requirement = {
				kind = upToNextMajorVersion;
				minimumVersion = 0.4.1;
			};
		};
/* End XCRemoteSwiftPackageReference section */

/* Begin XCSwiftPackageProductDependency section */
		FA8F9B5D2C436E960004B88B /* VectorMath */ = {
			isa = XCSwiftPackageProductDependency;
			package = FA8F9B5B2C436E760004B88B /* XCRemoteSwiftPackageReference "VectorMath" */;
			productName = VectorMath;
		};
		FAAE8CB42C798EC400B19CBD /* ASKDesignSystem */ = {
			isa = XCSwiftPackageProductDependency;
			productName = ASKDesignSystem;
		};
		FAAE8CBE2C799F4700B19CBD /* Knit */ = {
			isa = XCSwiftPackageProductDependency;
			productName = Knit;
		};
		FAAE8CC52C79A16D00B19CBD /* KnitBuildPlugin */ = {
			isa = XCSwiftPackageProductDependency;
			package = FAAE8CC02C799F7D00B19CBD /* XCLocalSwiftPackageReference "Frameworks/knit/CLI" */;
			productName = "plugin:KnitBuildPlugin";
		};
		FAAE8CC92C79A84C00B19CBD /* ASKCore */ = {
			isa = XCSwiftPackageProductDependency;
			productName = ASKCore;
		};
/* End XCSwiftPackageProductDependency section */
	};
	rootObject = FAD929C42C3D384400B86690 /* Project object */;
}
