{
  "originHash" : "0a4eeb1ea60d53d9929ba6e4edc7fdb3a9f5889baf28abc2a30f51a34e166d6c",
  "pins" : [
    {
      "identity" : "askcore",
      "kind" : "remoteSourceControl",
      "location" : "https://github.com/skorulis/ASKCore",
      "state" : {
        "branch" : "main",
        "revision" : "8dc123419197029e24b567c1fcfa4ebe78680def"
      }
    },
    {
      "identity" : "swinject",
      "kind" : "remoteSourceControl",
      "location" : "https://github.com/Swinject/Swinject.git",
      "state" : {
        "revision" : "be9dbcc7b86811bc131539a20c6f9c2d3e56919f",
        "version" : "2.9.1"
      }
    },
    {
      "identity" : "vectormath",
      "kind" : "remoteSourceControl",
      "location" : "git@github.com:nicklockwood/VectorMath.git",
      "state" : {
        "revision" : "2de2585f455dc8e15d642ca51b29b1917e68fd1e",
        "version" : "0.4.1"
      }
    }
  ],
  "version" : 3
}
